// !$*UTF8*$!
{
	archiveVersion = 1;
	classes = {
	};
	objectVersion = 56;
	objects = {

/* Begin PBXBuildFile section */
		82D0D741DBA891D42B115AE5 /* Pods_project_projectUITests.framework in Frameworks */ = {isa = PBXBuildFile; fileRef = 985B43E0F89C930438631A6C /* Pods_project_projectUITests.framework */; };
		AD03A46A2BBE39FF00F2DB47 /* UserService.swift in Sources */ = {isa = PBXBuildFile; fileRef = AD03A4692BBE39FF00F2DB47 /* UserService.swift */; };
		AD03A46C2BBE937200F2DB47 /* MainViewModel.swift in Sources */ = {isa = PBXBuildFile; fileRef = AD03A46B2BBE937200F2DB47 /* MainViewModel.swift */; };
		AD06422D2BC7DE4D00141FD6 /* Coordinator.swift in Sources */ = {isa = PBXBuildFile; fileRef = AD06422C2BC7DE4D00141FD6 /* Coordinator.swift */; };
		AD0A049D2C04885400B17FCA /* Sequence+Extension.swift in Sources */ = {isa = PBXBuildFile; fileRef = AD0A049C2C04885400B17FCA /* Sequence+Extension.swift */; };
		AD0A04A02C04D3FC00B17FCA /* PlusUserViewModel.swift in Sources */ = {isa = PBXBuildFile; fileRef = AD0A049F2C04D3FC00B17FCA /* PlusUserViewModel.swift */; };
		AD0D1DF12BEA2CE200EEBF1F /* MapViewModel.swift in Sources */ = {isa = PBXBuildFile; fileRef = AD0D1DF02BEA2CE200EEBF1F /* MapViewModel.swift */; };
		AD0D1DF32BEA2D5000EEBF1F /* UserMarker.swift in Sources */ = {isa = PBXBuildFile; fileRef = AD0D1DF22BEA2D5000EEBF1F /* UserMarker.swift */; };
		AD0F52552BB41CAD00A9723A /* MapView.swift in Sources */ = {isa = PBXBuildFile; fileRef = AD0F52542BB41CAD00A9723A /* MapView.swift */; };
		AD16B98A2BFDF198003B11D3 /* AuthProvider.swift in Sources */ = {isa = PBXBuildFile; fileRef = AD16B9892BFDF198003B11D3 /* AuthProvider.swift */; };
		AD16B98E2BFE2761003B11D3 /* AuthInterceptor.swift in Sources */ = {isa = PBXBuildFile; fileRef = AD16B98D2BFE2761003B11D3 /* AuthInterceptor.swift */; };
		AD1EBA792BF23E57006D55CD /* MainModalDestination.swift in Sources */ = {isa = PBXBuildFile; fileRef = AD1EBA782BF23E57006D55CD /* MainModalDestination.swift */; };
		AD1EBA7C2BF240CC006D55CD /* MyProfileView.swift in Sources */ = {isa = PBXBuildFile; fileRef = AD1EBA7B2BF240CC006D55CD /* MyProfileView.swift */; };
		AD1EBA802BF24120006D55CD /* UserAlarmView.swift in Sources */ = {isa = PBXBuildFile; fileRef = AD1EBA7F2BF24120006D55CD /* UserAlarmView.swift */; };
		AD1EBA822BF24192006D55CD /* UserAlarmViewModel.swift in Sources */ = {isa = PBXBuildFile; fileRef = AD1EBA812BF24192006D55CD /* UserAlarmViewModel.swift */; };
		AD1F9DA32BA16DF4005DD9D6 /* projectApp.swift in Sources */ = {isa = PBXBuildFile; fileRef = AD1F9DA22BA16DF4005DD9D6 /* projectApp.swift */; };
		AD1F9DA52BA16DF4005DD9D6 /* AuthenticationView.swift in Sources */ = {isa = PBXBuildFile; fileRef = AD1F9DA42BA16DF4005DD9D6 /* AuthenticationView.swift */; };
		AD1F9DA72BA16DF5005DD9D6 /* Assets.xcassets in Resources */ = {isa = PBXBuildFile; fileRef = AD1F9DA62BA16DF5005DD9D6 /* Assets.xcassets */; };
		AD1F9DAA2BA16DF5005DD9D6 /* Preview Assets.xcassets in Resources */ = {isa = PBXBuildFile; fileRef = AD1F9DA92BA16DF5005DD9D6 /* Preview Assets.xcassets */; };
		AD1F9DB42BA16DF5005DD9D6 /* projectTests.swift in Sources */ = {isa = PBXBuildFile; fileRef = AD1F9DB32BA16DF5005DD9D6 /* projectTests.swift */; };
		AD1F9DBE2BA16DF5005DD9D6 /* projectUITests.swift in Sources */ = {isa = PBXBuildFile; fileRef = AD1F9DBD2BA16DF5005DD9D6 /* projectUITests.swift */; };
		AD1F9DC02BA16DF5005DD9D6 /* projectUITestsLaunchTests.swift in Sources */ = {isa = PBXBuildFile; fileRef = AD1F9DBF2BA16DF5005DD9D6 /* projectUITestsLaunchTests.swift */; };
		AD214CA42BCEB89F00672F02 /* UserMarkerView.swift in Sources */ = {isa = PBXBuildFile; fileRef = AD214CA32BCEB89F00672F02 /* UserMarkerView.swift */; };
		AD2C017E2BD695BB00D6D23E /* ConnectedUser.swift in Sources */ = {isa = PBXBuildFile; fileRef = AD2C017D2BD695BB00D6D23E /* ConnectedUser.swift */; };
		AD41CF302BF49C10004632D5 /* PhotoPickerService.swift in Sources */ = {isa = PBXBuildFile; fileRef = AD41CF2F2BF49C10004632D5 /* PhotoPickerService.swift */; };
		AD41CF322BF49C19004632D5 /* PhotoImage.swift in Sources */ = {isa = PBXBuildFile; fileRef = AD41CF312BF49C19004632D5 /* PhotoImage.swift */; };
		AD5C648A2BB5962D006A7415 /* KeychainManager.swift in Sources */ = {isa = PBXBuildFile; fileRef = AD5C64892BB5962D006A7415 /* KeychainManager.swift */; };
		AD5E48A32BB7FF7C0035329E /* AppDelegate.swift in Sources */ = {isa = PBXBuildFile; fileRef = AD5E48A22BB7FF7C0035329E /* AppDelegate.swift */; };
		AD6572232BB96CA700557ED6 /* SettingView.swift in Sources */ = {isa = PBXBuildFile; fileRef = AD6572222BB96CA600557ED6 /* SettingView.swift */; };
		AD6572262BB974C200557ED6 /* MainView.swift in Sources */ = {isa = PBXBuildFile; fileRef = AD6572252BB974C200557ED6 /* MainView.swift */; };
		AD6572282BB976E200557ED6 /* CustomIcon.swift in Sources */ = {isa = PBXBuildFile; fileRef = AD6572272BB976E200557ED6 /* CustomIcon.swift */; };
		AD82E7FF2BFC6E8400663F30 /* UserRouter.swift in Sources */ = {isa = PBXBuildFile; fileRef = AD82E7FE2BFC6E8400663F30 /* UserRouter.swift */; };
		AD82E8072BFC7C4900663F30 /* GetUserResponse.swift in Sources */ = {isa = PBXBuildFile; fileRef = AD82E8012BFC7C4900663F30 /* GetUserResponse.swift */; };
		AD82E8082BFC7C4900663F30 /* ImageDTO.swift in Sources */ = {isa = PBXBuildFile; fileRef = AD82E8022BFC7C4900663F30 /* ImageDTO.swift */; };
		AD82E8092BFC7C4900663F30 /* RefreshRequest.swift in Sources */ = {isa = PBXBuildFile; fileRef = AD82E8032BFC7C4900663F30 /* RefreshRequest.swift */; };
		AD82E80B2BFC7C4900663F30 /* UserDTO.swift in Sources */ = {isa = PBXBuildFile; fileRef = AD82E8052BFC7C4900663F30 /* UserDTO.swift */; };
		AD82E80C2BFC7C4900663F30 /* LoginRequest.swift in Sources */ = {isa = PBXBuildFile; fileRef = AD82E8062BFC7C4900663F30 /* LoginRequest.swift */; };
		AD82E80E2BFC7D2200663F30 /* LoginResponse.swift in Sources */ = {isa = PBXBuildFile; fileRef = AD82E80D2BFC7D2200663F30 /* LoginResponse.swift */; };
		AD8A76942BD645CE00B5F31D /* Encodable+Extension.swift in Sources */ = {isa = PBXBuildFile; fileRef = AD8A76932BD645CE00B5F31D /* Encodable+Extension.swift */; };
		AD8A76962BD6462C00B5F31D /* UserDefaults+Extension.swift in Sources */ = {isa = PBXBuildFile; fileRef = AD8A76952BD6462C00B5F31D /* UserDefaults+Extension.swift */; };
		AD918E302BD4F03400C522DF /* MockURLSessionDataTask.swift in Sources */ = {isa = PBXBuildFile; fileRef = AD918E2F2BD4F03400C522DF /* MockURLSessionDataTask.swift */; };
		AD918E342BD4F28600C522DF /* LoginAPITests.swift in Sources */ = {isa = PBXBuildFile; fileRef = AD918E332BD4F28600C522DF /* LoginAPITests.swift */; };
		AD918E372BD4F86200C522DF /* MockURLSession.swift in Sources */ = {isa = PBXBuildFile; fileRef = AD918E362BD4F86200C522DF /* MockURLSession.swift */; };
		AD918E3B2BD5306B00C522DF /* Phase.swift in Sources */ = {isa = PBXBuildFile; fileRef = AD918E3A2BD5306B00C522DF /* Phase.swift */; };
		AD918E3D2BD53E1B00C522DF /* PlaceholderView.swift in Sources */ = {isa = PBXBuildFile; fileRef = AD918E3C2BD53E1B00C522DF /* PlaceholderView.swift */; };
		AD918E3F2BD5401C00C522DF /* ErrorView.swift in Sources */ = {isa = PBXBuildFile; fileRef = AD918E3E2BD5401C00C522DF /* ErrorView.swift */; };
		AD9956FB2BC6EC31000FEA1B /* LaunchScreenIcon.png in Resources */ = {isa = PBXBuildFile; fileRef = AD9956FA2BC6EC31000FEA1B /* LaunchScreenIcon.png */; };
		AD9DC8042BAAF644006D422F /* LoginView.swift in Sources */ = {isa = PBXBuildFile; fileRef = AD9DC8032BAAF644006D422F /* LoginView.swift */; };
		AD9ED1102BA91E38005F89D1 /* ServiceError.swift in Sources */ = {isa = PBXBuildFile; fileRef = AD9ED10F2BA91E38005F89D1 /* ServiceError.swift */; };
		ADA4A2BF2BF70F570007B58A /* MyInfoCellView.swift in Sources */ = {isa = PBXBuildFile; fileRef = ADA4A2BE2BF70F570007B58A /* MyInfoCellView.swift */; };
		ADA4A2C22BF737540007B58A /* UploadService.swift in Sources */ = {isa = PBXBuildFile; fileRef = ADA4A2C12BF737540007B58A /* UploadService.swift */; };
		ADA705C22BF35B1B00943B30 /* URLImageView.swift in Sources */ = {isa = PBXBuildFile; fileRef = ADA705C12BF35B1B00943B30 /* URLImageView.swift */; };
		ADA705C42BF35B2500943B30 /* URLImageViewModel.swift in Sources */ = {isa = PBXBuildFile; fileRef = ADA705C32BF35B2500943B30 /* URLImageViewModel.swift */; };
		ADAA62D22BC41AC100CD0338 /* FirebaseAnalytics in Frameworks */ = {isa = PBXBuildFile; productRef = ADAA62D12BC41AC100CD0338 /* FirebaseAnalytics */; };
		ADAA62D42BC41D4900CD0338 /* FirebaseMessaging in Frameworks */ = {isa = PBXBuildFile; productRef = ADAA62D32BC41D4900CD0338 /* FirebaseMessaging */; };
		ADAA62D62BC41ED900CD0338 /* GoogleService-Info.plist in Resources */ = {isa = PBXBuildFile; fileRef = ADAA62D52BC41ED900CD0338 /* GoogleService-Info.plist */; };
		ADBEEC5C2BCC252100648CD1 /* PushNotificationService.swift in Sources */ = {isa = PBXBuildFile; fileRef = ADBEEC5B2BCC252100648CD1 /* PushNotificationService.swift */; };
		ADC04B4F2BA862C700AD8A14 /* DIContainer.swift in Sources */ = {isa = PBXBuildFile; fileRef = ADC04B4E2BA862C700AD8A14 /* DIContainer.swift */; };
		ADC04B532BA8631E00AD8A14 /* Services.swift in Sources */ = {isa = PBXBuildFile; fileRef = ADC04B522BA8631E00AD8A14 /* Services.swift */; };
		ADC04B552BA8638F00AD8A14 /* AuthenticationService.swift in Sources */ = {isa = PBXBuildFile; fileRef = ADC04B542BA8638F00AD8A14 /* AuthenticationService.swift */; };
		ADC04B572BA8642800AD8A14 /* AuthenticationViewModel.swift in Sources */ = {isa = PBXBuildFile; fileRef = ADC04B562BA8642800AD8A14 /* AuthenticationViewModel.swift */; };
		ADC04B5B2BA8697500AD8A14 /* User.swift in Sources */ = {isa = PBXBuildFile; fileRef = ADC04B5A2BA8697500AD8A14 /* User.swift */; };
		ADC04B5E2BA872A800AD8A14 /* LaunchScreen.storyboard in Resources */ = {isa = PBXBuildFile; fileRef = ADC04B5D2BA872A800AD8A14 /* LaunchScreen.storyboard */; };
		ADC5B4E92BE7D03200D26CCA /* ImageCacheService.swift in Sources */ = {isa = PBXBuildFile; fileRef = ADC5B4E82BE7D03200D26CCA /* ImageCacheService.swift */; };
		ADC5B4EB2BE7D04200D26CCA /* MemoryStorage.swift in Sources */ = {isa = PBXBuildFile; fileRef = ADC5B4EA2BE7D04200D26CCA /* MemoryStorage.swift */; };
		ADC5B4ED2BE7D04C00D26CCA /* DiskStorage.swift in Sources */ = {isa = PBXBuildFile; fileRef = ADC5B4EC2BE7D04C00D26CCA /* DiskStorage.swift */; };
		ADD15E872C03165F0083F776 /* PlusCellView.swift in Sources */ = {isa = PBXBuildFile; fileRef = ADD15E862C03165F0083F776 /* PlusCellView.swift */; };
		ADD15E892C03175E0083F776 /* OtherInfoCellView.swift in Sources */ = {isa = PBXBuildFile; fileRef = ADD15E882C03175E0083F776 /* OtherInfoCellView.swift */; };
		ADD15E8B2C039C630083F776 /* PlusUserView.swift in Sources */ = {isa = PBXBuildFile; fileRef = ADD15E8A2C039C630083F776 /* PlusUserView.swift */; };
		ADDDF3A62BB2C81800923127 /* LoadingView.swift in Sources */ = {isa = PBXBuildFile; fileRef = ADDDF3A52BB2C81800923127 /* LoadingView.swift */; };
		ADDDF3C92BB2EC9400923127 /* Color.xcassets in Resources */ = {isa = PBXBuildFile; fileRef = ADDDF3C82BB2EC9400923127 /* Color.xcassets */; };
		ADDF95C62BFF72C600DFD813 /* ImageRouter.swift in Sources */ = {isa = PBXBuildFile; fileRef = ADDF95C52BFF72C600DFD813 /* ImageRouter.swift */; };
		ADDF95CA2BFF7D3A00DFD813 /* ImageUploadResponse.swift in Sources */ = {isa = PBXBuildFile; fileRef = ADDF95C92BFF7D3A00DFD813 /* ImageUploadResponse.swift */; };
		ADE859DA2BFBB32A004C7E85 /* ApiClient.swift in Sources */ = {isa = PBXBuildFile; fileRef = ADE859D92BFBB32A004C7E85 /* ApiClient.swift */; };
		ADE859DC2BFBB383004C7E85 /* BaseInterceptor.swift in Sources */ = {isa = PBXBuildFile; fileRef = ADE859DB2BFBB383004C7E85 /* BaseInterceptor.swift */; };
		ADE859DE2BFBB46D004C7E85 /* ApiLogger.swift in Sources */ = {isa = PBXBuildFile; fileRef = ADE859DD2BFBB46D004C7E85 /* ApiLogger.swift */; };
		ADE859E02BFBB5F4004C7E85 /* AuthRouter.swift in Sources */ = {isa = PBXBuildFile; fileRef = ADE859DF2BFBB5F4004C7E85 /* AuthRouter.swift */; };
		ADE859E32BFBBB1E004C7E85 /* OAuthAuthenticator.swift in Sources */ = {isa = PBXBuildFile; fileRef = ADE859E22BFBBB1E004C7E85 /* OAuthAuthenticator.swift */; };
		ADE859E52BFBBB7C004C7E85 /* OAuthCredential.swift in Sources */ = {isa = PBXBuildFile; fileRef = ADE859E42BFBBB7C004C7E85 /* OAuthCredential.swift */; };
		ADEFE9D42BC788770001B6FD /* PushNotificationProvider.swift in Sources */ = {isa = PBXBuildFile; fileRef = ADEFE9D32BC788770001B6FD /* PushNotificationProvider.swift */; };
		ADF6BDDA2C021C1F00153BFA /* convertLocationObject.swift in Sources */ = {isa = PBXBuildFile; fileRef = ADF6BDD92C021C1F00153BFA /* convertLocationObject.swift */; };
		ADFA68802C33D3BA00F993CC /* AppearanceType.swift in Sources */ = {isa = PBXBuildFile; fileRef = ADFA687F2C33D3BA00F993CC /* AppearanceType.swift */; };
		ADFA68822C33D3D100F993CC /* AppearanceController.swift in Sources */ = {isa = PBXBuildFile; fileRef = ADFA68812C33D3D100F993CC /* AppearanceController.swift */; };
		ADFA68842C33D5F300F993CC /* SettingItem.swift in Sources */ = {isa = PBXBuildFile; fileRef = ADFA68832C33D5F300F993CC /* SettingItem.swift */; };
		ADFA68872C33D86B00F993CC /* ObservableObjectSettable.swift in Sources */ = {isa = PBXBuildFile; fileRef = ADFA68862C33D86B00F993CC /* ObservableObjectSettable.swift */; };
		ADFA688A2C33D98800F993CC /* NavigationDestination.swift in Sources */ = {isa = PBXBuildFile; fileRef = ADFA68892C33D98800F993CC /* NavigationDestination.swift */; };
		ADFA688C2C33D9B100F993CC /* NavigationRouter.swift in Sources */ = {isa = PBXBuildFile; fileRef = ADFA688B2C33D9B100F993CC /* NavigationRouter.swift */; };
		ADFA688E2C33DC7B00F993CC /* Contant.swift in Sources */ = {isa = PBXBuildFile; fileRef = ADFA688D2C33DC7B00F993CC /* Contant.swift */; };
		ADFA68902C33E62400F993CC /* NavigationRoutingView.swift in Sources */ = {isa = PBXBuildFile; fileRef = ADFA688F2C33E62400F993CC /* NavigationRoutingView.swift */; };
		ADFA68922C33E6A200F993CC /* SettingViewModel.swift in Sources */ = {isa = PBXBuildFile; fileRef = ADFA68912C33E6A200F993CC /* SettingViewModel.swift */; };
		ADFB9C582BAAA86200DA0C01 /* SHA256.swift in Sources */ = {isa = PBXBuildFile; fileRef = ADFB9C562BAAA86200DA0C01 /* SHA256.swift */; };
		C318CF187E30ED5B6002EAC3 /* Pods_projectTests.framework in Frameworks */ = {isa = PBXBuildFile; fileRef = 7319C6A88859E59BFC93EC21 /* Pods_projectTests.framework */; };
		F0F60788C4DD2BBCEDD362A5 /* Pods_project.framework in Frameworks */ = {isa = PBXBuildFile; fileRef = BACFE50A3FC667F520174EBC /* Pods_project.framework */; };
/* End PBXBuildFile section */

/* Begin PBXContainerItemProxy section */
		AD1F9DB02BA16DF5005DD9D6 /* PBXContainerItemProxy */ = {
			isa = PBXContainerItemProxy;
			containerPortal = AD1F9D972BA16DF4005DD9D6 /* Project object */;
			proxyType = 1;
			remoteGlobalIDString = AD1F9D9E2BA16DF4005DD9D6;
			remoteInfo = project;
		};
		AD1F9DBA2BA16DF5005DD9D6 /* PBXContainerItemProxy */ = {
			isa = PBXContainerItemProxy;
			containerPortal = AD1F9D972BA16DF4005DD9D6 /* Project object */;
			proxyType = 1;
			remoteGlobalIDString = AD1F9D9E2BA16DF4005DD9D6;
			remoteInfo = project;
		};
/* End PBXContainerItemProxy section */

/* Begin PBXFileReference section */
		294D1F54DC08D6F1E6131486 /* Pods-project-projectUITests.release.xcconfig */ = {isa = PBXFileReference; includeInIndex = 1; lastKnownFileType = text.xcconfig; name = "Pods-project-projectUITests.release.xcconfig"; path = "Target Support Files/Pods-project-projectUITests/Pods-project-projectUITests.release.xcconfig"; sourceTree = "<group>"; };
		2E56EE11A7EA332D1EAFB4C4 /* Pods-projectTests.release.xcconfig */ = {isa = PBXFileReference; includeInIndex = 1; lastKnownFileType = text.xcconfig; name = "Pods-projectTests.release.xcconfig"; path = "Target Support Files/Pods-projectTests/Pods-projectTests.release.xcconfig"; sourceTree = "<group>"; };
		3DFDC0097F0F17E577EA5336 /* Pods-projectTests.debug.xcconfig */ = {isa = PBXFileReference; includeInIndex = 1; lastKnownFileType = text.xcconfig; name = "Pods-projectTests.debug.xcconfig"; path = "Target Support Files/Pods-projectTests/Pods-projectTests.debug.xcconfig"; sourceTree = "<group>"; };
		60C210DE43DC26A3C1A170CB /* Pods-project.debug.xcconfig */ = {isa = PBXFileReference; includeInIndex = 1; lastKnownFileType = text.xcconfig; name = "Pods-project.debug.xcconfig"; path = "Target Support Files/Pods-project/Pods-project.debug.xcconfig"; sourceTree = "<group>"; };
		64902609864D69EE7EE65D53 /* Pods-project-projectUITests.debug.xcconfig */ = {isa = PBXFileReference; includeInIndex = 1; lastKnownFileType = text.xcconfig; name = "Pods-project-projectUITests.debug.xcconfig"; path = "Target Support Files/Pods-project-projectUITests/Pods-project-projectUITests.debug.xcconfig"; sourceTree = "<group>"; };
		7319C6A88859E59BFC93EC21 /* Pods_projectTests.framework */ = {isa = PBXFileReference; explicitFileType = wrapper.framework; includeInIndex = 0; path = Pods_projectTests.framework; sourceTree = BUILT_PRODUCTS_DIR; };
		985B43E0F89C930438631A6C /* Pods_project_projectUITests.framework */ = {isa = PBXFileReference; explicitFileType = wrapper.framework; includeInIndex = 0; path = Pods_project_projectUITests.framework; sourceTree = BUILT_PRODUCTS_DIR; };
		AD03A4692BBE39FF00F2DB47 /* UserService.swift */ = {isa = PBXFileReference; lastKnownFileType = sourcecode.swift; path = UserService.swift; sourceTree = "<group>"; };
		AD03A46B2BBE937200F2DB47 /* MainViewModel.swift */ = {isa = PBXFileReference; lastKnownFileType = sourcecode.swift; path = MainViewModel.swift; sourceTree = "<group>"; };
		AD06422C2BC7DE4D00141FD6 /* Coordinator.swift */ = {isa = PBXFileReference; lastKnownFileType = sourcecode.swift; path = Coordinator.swift; sourceTree = "<group>"; };
		AD0A049C2C04885400B17FCA /* Sequence+Extension.swift */ = {isa = PBXFileReference; lastKnownFileType = sourcecode.swift; path = "Sequence+Extension.swift"; sourceTree = "<group>"; };
		AD0A049F2C04D3FC00B17FCA /* PlusUserViewModel.swift */ = {isa = PBXFileReference; lastKnownFileType = sourcecode.swift; path = PlusUserViewModel.swift; sourceTree = "<group>"; };
		AD0D1DF02BEA2CE200EEBF1F /* MapViewModel.swift */ = {isa = PBXFileReference; lastKnownFileType = sourcecode.swift; path = MapViewModel.swift; sourceTree = "<group>"; };
		AD0D1DF22BEA2D5000EEBF1F /* UserMarker.swift */ = {isa = PBXFileReference; lastKnownFileType = sourcecode.swift; path = UserMarker.swift; sourceTree = "<group>"; };
		AD0F52542BB41CAD00A9723A /* MapView.swift */ = {isa = PBXFileReference; lastKnownFileType = sourcecode.swift; path = MapView.swift; sourceTree = "<group>"; };
		AD16B9892BFDF198003B11D3 /* AuthProvider.swift */ = {isa = PBXFileReference; lastKnownFileType = sourcecode.swift; path = AuthProvider.swift; sourceTree = "<group>"; };
		AD16B98D2BFE2761003B11D3 /* AuthInterceptor.swift */ = {isa = PBXFileReference; lastKnownFileType = sourcecode.swift; path = AuthInterceptor.swift; sourceTree = "<group>"; };
		AD1EBA782BF23E57006D55CD /* MainModalDestination.swift */ = {isa = PBXFileReference; lastKnownFileType = sourcecode.swift; path = MainModalDestination.swift; sourceTree = "<group>"; };
		AD1EBA7B2BF240CC006D55CD /* MyProfileView.swift */ = {isa = PBXFileReference; lastKnownFileType = sourcecode.swift; path = MyProfileView.swift; sourceTree = "<group>"; };
		AD1EBA7F2BF24120006D55CD /* UserAlarmView.swift */ = {isa = PBXFileReference; lastKnownFileType = sourcecode.swift; path = UserAlarmView.swift; sourceTree = "<group>"; };
		AD1EBA812BF24192006D55CD /* UserAlarmViewModel.swift */ = {isa = PBXFileReference; lastKnownFileType = sourcecode.swift; path = UserAlarmViewModel.swift; sourceTree = "<group>"; };
		AD1F9D9F2BA16DF4005DD9D6 /* project.app */ = {isa = PBXFileReference; explicitFileType = wrapper.application; includeInIndex = 0; path = project.app; sourceTree = BUILT_PRODUCTS_DIR; };
		AD1F9DA22BA16DF4005DD9D6 /* projectApp.swift */ = {isa = PBXFileReference; lastKnownFileType = sourcecode.swift; path = projectApp.swift; sourceTree = "<group>"; };
		AD1F9DA42BA16DF4005DD9D6 /* AuthenticationView.swift */ = {isa = PBXFileReference; lastKnownFileType = sourcecode.swift; path = AuthenticationView.swift; sourceTree = "<group>"; };
		AD1F9DA62BA16DF5005DD9D6 /* Assets.xcassets */ = {isa = PBXFileReference; lastKnownFileType = folder.assetcatalog; path = Assets.xcassets; sourceTree = "<group>"; };
		AD1F9DA92BA16DF5005DD9D6 /* Preview Assets.xcassets */ = {isa = PBXFileReference; lastKnownFileType = folder.assetcatalog; path = "Preview Assets.xcassets"; sourceTree = "<group>"; };
		AD1F9DAF2BA16DF5005DD9D6 /* projectTests.xctest */ = {isa = PBXFileReference; explicitFileType = wrapper.cfbundle; includeInIndex = 0; path = projectTests.xctest; sourceTree = BUILT_PRODUCTS_DIR; };
		AD1F9DB32BA16DF5005DD9D6 /* projectTests.swift */ = {isa = PBXFileReference; lastKnownFileType = sourcecode.swift; path = projectTests.swift; sourceTree = "<group>"; };
		AD1F9DB92BA16DF5005DD9D6 /* projectUITests.xctest */ = {isa = PBXFileReference; explicitFileType = wrapper.cfbundle; includeInIndex = 0; path = projectUITests.xctest; sourceTree = BUILT_PRODUCTS_DIR; };
		AD1F9DBD2BA16DF5005DD9D6 /* projectUITests.swift */ = {isa = PBXFileReference; lastKnownFileType = sourcecode.swift; path = projectUITests.swift; sourceTree = "<group>"; };
		AD1F9DBF2BA16DF5005DD9D6 /* projectUITestsLaunchTests.swift */ = {isa = PBXFileReference; lastKnownFileType = sourcecode.swift; path = projectUITestsLaunchTests.swift; sourceTree = "<group>"; };
		AD214CA32BCEB89F00672F02 /* UserMarkerView.swift */ = {isa = PBXFileReference; lastKnownFileType = sourcecode.swift; path = UserMarkerView.swift; sourceTree = "<group>"; };
		AD2C017D2BD695BB00D6D23E /* ConnectedUser.swift */ = {isa = PBXFileReference; lastKnownFileType = sourcecode.swift; path = ConnectedUser.swift; sourceTree = "<group>"; };
		AD41CF2F2BF49C10004632D5 /* PhotoPickerService.swift */ = {isa = PBXFileReference; lastKnownFileType = sourcecode.swift; path = PhotoPickerService.swift; sourceTree = "<group>"; };
		AD41CF312BF49C19004632D5 /* PhotoImage.swift */ = {isa = PBXFileReference; lastKnownFileType = sourcecode.swift; path = PhotoImage.swift; sourceTree = "<group>"; };
		AD5C64892BB5962D006A7415 /* KeychainManager.swift */ = {isa = PBXFileReference; lastKnownFileType = sourcecode.swift; path = KeychainManager.swift; sourceTree = "<group>"; };
		AD5E48A22BB7FF7C0035329E /* AppDelegate.swift */ = {isa = PBXFileReference; lastKnownFileType = sourcecode.swift; path = AppDelegate.swift; sourceTree = "<group>"; };
		AD5E48A42BB807CB0035329E /* Config.xcconfig */ = {isa = PBXFileReference; lastKnownFileType = text.xcconfig; path = Config.xcconfig; sourceTree = "<group>"; };
		AD6572222BB96CA600557ED6 /* SettingView.swift */ = {isa = PBXFileReference; lastKnownFileType = sourcecode.swift; path = SettingView.swift; sourceTree = "<group>"; };
		AD6572252BB974C200557ED6 /* MainView.swift */ = {isa = PBXFileReference; lastKnownFileType = sourcecode.swift; path = MainView.swift; sourceTree = "<group>"; };
		AD6572272BB976E200557ED6 /* CustomIcon.swift */ = {isa = PBXFileReference; lastKnownFileType = sourcecode.swift; path = CustomIcon.swift; sourceTree = "<group>"; };
		AD82E7FE2BFC6E8400663F30 /* UserRouter.swift */ = {isa = PBXFileReference; lastKnownFileType = sourcecode.swift; path = UserRouter.swift; sourceTree = "<group>"; };
		AD82E8012BFC7C4900663F30 /* GetUserResponse.swift */ = {isa = PBXFileReference; fileEncoding = 4; lastKnownFileType = sourcecode.swift; path = GetUserResponse.swift; sourceTree = "<group>"; };
		AD82E8022BFC7C4900663F30 /* ImageDTO.swift */ = {isa = PBXFileReference; fileEncoding = 4; lastKnownFileType = sourcecode.swift; path = ImageDTO.swift; sourceTree = "<group>"; };
		AD82E8032BFC7C4900663F30 /* RefreshRequest.swift */ = {isa = PBXFileReference; fileEncoding = 4; lastKnownFileType = sourcecode.swift; path = RefreshRequest.swift; sourceTree = "<group>"; };
		AD82E8052BFC7C4900663F30 /* UserDTO.swift */ = {isa = PBXFileReference; fileEncoding = 4; lastKnownFileType = sourcecode.swift; path = UserDTO.swift; sourceTree = "<group>"; };
		AD82E8062BFC7C4900663F30 /* LoginRequest.swift */ = {isa = PBXFileReference; fileEncoding = 4; lastKnownFileType = sourcecode.swift; path = LoginRequest.swift; sourceTree = "<group>"; };
		AD82E80D2BFC7D2200663F30 /* LoginResponse.swift */ = {isa = PBXFileReference; lastKnownFileType = sourcecode.swift; path = LoginResponse.swift; sourceTree = "<group>"; };
		AD8A76932BD645CE00B5F31D /* Encodable+Extension.swift */ = {isa = PBXFileReference; lastKnownFileType = sourcecode.swift; path = "Encodable+Extension.swift"; sourceTree = "<group>"; };
		AD8A76952BD6462C00B5F31D /* UserDefaults+Extension.swift */ = {isa = PBXFileReference; lastKnownFileType = sourcecode.swift; path = "UserDefaults+Extension.swift"; sourceTree = "<group>"; };
		AD918E2F2BD4F03400C522DF /* MockURLSessionDataTask.swift */ = {isa = PBXFileReference; lastKnownFileType = sourcecode.swift; path = MockURLSessionDataTask.swift; sourceTree = "<group>"; };
		AD918E332BD4F28600C522DF /* LoginAPITests.swift */ = {isa = PBXFileReference; lastKnownFileType = sourcecode.swift; path = LoginAPITests.swift; sourceTree = "<group>"; };
		AD918E362BD4F86200C522DF /* MockURLSession.swift */ = {isa = PBXFileReference; lastKnownFileType = sourcecode.swift; path = MockURLSession.swift; sourceTree = "<group>"; };
		AD918E3A2BD5306B00C522DF /* Phase.swift */ = {isa = PBXFileReference; lastKnownFileType = sourcecode.swift; path = Phase.swift; sourceTree = "<group>"; };
		AD918E3C2BD53E1B00C522DF /* PlaceholderView.swift */ = {isa = PBXFileReference; lastKnownFileType = sourcecode.swift; path = PlaceholderView.swift; sourceTree = "<group>"; };
		AD918E3E2BD5401C00C522DF /* ErrorView.swift */ = {isa = PBXFileReference; lastKnownFileType = sourcecode.swift; path = ErrorView.swift; sourceTree = "<group>"; };
		AD9956FA2BC6EC31000FEA1B /* LaunchScreenIcon.png */ = {isa = PBXFileReference; lastKnownFileType = image.png; path = LaunchScreenIcon.png; sourceTree = "<group>"; };
		AD9DC8032BAAF644006D422F /* LoginView.swift */ = {isa = PBXFileReference; lastKnownFileType = sourcecode.swift; path = LoginView.swift; sourceTree = "<group>"; };
		AD9ED10F2BA91E38005F89D1 /* ServiceError.swift */ = {isa = PBXFileReference; lastKnownFileType = sourcecode.swift; path = ServiceError.swift; sourceTree = "<group>"; };
		AD9ED12F2BA9BA61005F89D1 /* Info.plist */ = {isa = PBXFileReference; lastKnownFileType = text.plist.xml; path = Info.plist; sourceTree = "<group>"; };
		ADA4A2BE2BF70F570007B58A /* MyInfoCellView.swift */ = {isa = PBXFileReference; lastKnownFileType = sourcecode.swift; path = MyInfoCellView.swift; sourceTree = "<group>"; };
		ADA4A2C12BF737540007B58A /* UploadService.swift */ = {isa = PBXFileReference; lastKnownFileType = sourcecode.swift; path = UploadService.swift; sourceTree = "<group>"; };
		ADA705C12BF35B1B00943B30 /* URLImageView.swift */ = {isa = PBXFileReference; lastKnownFileType = sourcecode.swift; path = URLImageView.swift; sourceTree = "<group>"; };
		ADA705C32BF35B2500943B30 /* URLImageViewModel.swift */ = {isa = PBXFileReference; lastKnownFileType = sourcecode.swift; path = URLImageViewModel.swift; sourceTree = "<group>"; };
		ADAA62D52BC41ED900CD0338 /* GoogleService-Info.plist */ = {isa = PBXFileReference; fileEncoding = 4; lastKnownFileType = text.plist.xml; path = "GoogleService-Info.plist"; sourceTree = "<group>"; };
		ADBEEC5B2BCC252100648CD1 /* PushNotificationService.swift */ = {isa = PBXFileReference; lastKnownFileType = sourcecode.swift; path = PushNotificationService.swift; sourceTree = "<group>"; };
		ADC04B4E2BA862C700AD8A14 /* DIContainer.swift */ = {isa = PBXFileReference; lastKnownFileType = sourcecode.swift; path = DIContainer.swift; sourceTree = "<group>"; };
		ADC04B522BA8631E00AD8A14 /* Services.swift */ = {isa = PBXFileReference; lastKnownFileType = sourcecode.swift; path = Services.swift; sourceTree = "<group>"; };
		ADC04B542BA8638F00AD8A14 /* AuthenticationService.swift */ = {isa = PBXFileReference; lastKnownFileType = sourcecode.swift; path = AuthenticationService.swift; sourceTree = "<group>"; };
		ADC04B562BA8642800AD8A14 /* AuthenticationViewModel.swift */ = {isa = PBXFileReference; lastKnownFileType = sourcecode.swift; path = AuthenticationViewModel.swift; sourceTree = "<group>"; };
		ADC04B582BA867A100AD8A14 /* project.entitlements */ = {isa = PBXFileReference; lastKnownFileType = text.plist.entitlements; path = project.entitlements; sourceTree = "<group>"; };
		ADC04B5A2BA8697500AD8A14 /* User.swift */ = {isa = PBXFileReference; lastKnownFileType = sourcecode.swift; path = User.swift; sourceTree = "<group>"; };
		ADC04B5D2BA872A800AD8A14 /* LaunchScreen.storyboard */ = {isa = PBXFileReference; lastKnownFileType = file.storyboard; path = LaunchScreen.storyboard; sourceTree = "<group>"; };
		ADC5B4E82BE7D03200D26CCA /* ImageCacheService.swift */ = {isa = PBXFileReference; lastKnownFileType = sourcecode.swift; path = ImageCacheService.swift; sourceTree = "<group>"; };
		ADC5B4EA2BE7D04200D26CCA /* MemoryStorage.swift */ = {isa = PBXFileReference; lastKnownFileType = sourcecode.swift; path = MemoryStorage.swift; sourceTree = "<group>"; };
		ADC5B4EC2BE7D04C00D26CCA /* DiskStorage.swift */ = {isa = PBXFileReference; lastKnownFileType = sourcecode.swift; path = DiskStorage.swift; sourceTree = "<group>"; };
		ADD15E862C03165F0083F776 /* PlusCellView.swift */ = {isa = PBXFileReference; lastKnownFileType = sourcecode.swift; path = PlusCellView.swift; sourceTree = "<group>"; };
		ADD15E882C03175E0083F776 /* OtherInfoCellView.swift */ = {isa = PBXFileReference; lastKnownFileType = sourcecode.swift; path = OtherInfoCellView.swift; sourceTree = "<group>"; };
		ADD15E8A2C039C630083F776 /* PlusUserView.swift */ = {isa = PBXFileReference; lastKnownFileType = sourcecode.swift; path = PlusUserView.swift; sourceTree = "<group>"; };
		ADDDF3A52BB2C81800923127 /* LoadingView.swift */ = {isa = PBXFileReference; lastKnownFileType = sourcecode.swift; path = LoadingView.swift; sourceTree = "<group>"; };
		ADDDF3C82BB2EC9400923127 /* Color.xcassets */ = {isa = PBXFileReference; lastKnownFileType = folder.assetcatalog; path = Color.xcassets; sourceTree = "<group>"; };
		ADDF95C52BFF72C600DFD813 /* ImageRouter.swift */ = {isa = PBXFileReference; lastKnownFileType = sourcecode.swift; path = ImageRouter.swift; sourceTree = "<group>"; };
		ADDF95C92BFF7D3A00DFD813 /* ImageUploadResponse.swift */ = {isa = PBXFileReference; lastKnownFileType = sourcecode.swift; path = ImageUploadResponse.swift; sourceTree = "<group>"; };
		ADE859D92BFBB32A004C7E85 /* ApiClient.swift */ = {isa = PBXFileReference; lastKnownFileType = sourcecode.swift; path = ApiClient.swift; sourceTree = "<group>"; };
		ADE859DB2BFBB383004C7E85 /* BaseInterceptor.swift */ = {isa = PBXFileReference; lastKnownFileType = sourcecode.swift; path = BaseInterceptor.swift; sourceTree = "<group>"; };
		ADE859DD2BFBB46D004C7E85 /* ApiLogger.swift */ = {isa = PBXFileReference; lastKnownFileType = sourcecode.swift; path = ApiLogger.swift; sourceTree = "<group>"; };
		ADE859DF2BFBB5F4004C7E85 /* AuthRouter.swift */ = {isa = PBXFileReference; lastKnownFileType = sourcecode.swift; path = AuthRouter.swift; sourceTree = "<group>"; };
		ADE859E22BFBBB1E004C7E85 /* OAuthAuthenticator.swift */ = {isa = PBXFileReference; lastKnownFileType = sourcecode.swift; path = OAuthAuthenticator.swift; sourceTree = "<group>"; };
		ADE859E42BFBBB7C004C7E85 /* OAuthCredential.swift */ = {isa = PBXFileReference; lastKnownFileType = sourcecode.swift; path = OAuthCredential.swift; sourceTree = "<group>"; };
		ADEFE9D32BC788770001B6FD /* PushNotificationProvider.swift */ = {isa = PBXFileReference; lastKnownFileType = sourcecode.swift; path = PushNotificationProvider.swift; sourceTree = "<group>"; };
		ADF6BDD92C021C1F00153BFA /* convertLocationObject.swift */ = {isa = PBXFileReference; lastKnownFileType = sourcecode.swift; path = convertLocationObject.swift; sourceTree = "<group>"; };
		ADFA687F2C33D3BA00F993CC /* AppearanceType.swift */ = {isa = PBXFileReference; lastKnownFileType = sourcecode.swift; path = AppearanceType.swift; sourceTree = "<group>"; };
		ADFA68812C33D3D100F993CC /* AppearanceController.swift */ = {isa = PBXFileReference; lastKnownFileType = sourcecode.swift; path = AppearanceController.swift; sourceTree = "<group>"; };
		ADFA68832C33D5F300F993CC /* SettingItem.swift */ = {isa = PBXFileReference; lastKnownFileType = sourcecode.swift; path = SettingItem.swift; sourceTree = "<group>"; };
		ADFA68862C33D86B00F993CC /* ObservableObjectSettable.swift */ = {isa = PBXFileReference; lastKnownFileType = sourcecode.swift; path = ObservableObjectSettable.swift; sourceTree = "<group>"; };
		ADFA68892C33D98800F993CC /* NavigationDestination.swift */ = {isa = PBXFileReference; lastKnownFileType = sourcecode.swift; path = NavigationDestination.swift; sourceTree = "<group>"; };
		ADFA688B2C33D9B100F993CC /* NavigationRouter.swift */ = {isa = PBXFileReference; lastKnownFileType = sourcecode.swift; path = NavigationRouter.swift; sourceTree = "<group>"; };
		ADFA688D2C33DC7B00F993CC /* Contant.swift */ = {isa = PBXFileReference; lastKnownFileType = sourcecode.swift; path = Contant.swift; sourceTree = "<group>"; };
		ADFA688F2C33E62400F993CC /* NavigationRoutingView.swift */ = {isa = PBXFileReference; lastKnownFileType = sourcecode.swift; path = NavigationRoutingView.swift; sourceTree = "<group>"; };
		ADFA68912C33E6A200F993CC /* SettingViewModel.swift */ = {isa = PBXFileReference; lastKnownFileType = sourcecode.swift; path = SettingViewModel.swift; sourceTree = "<group>"; };
		ADFB9C562BAAA86200DA0C01 /* SHA256.swift */ = {isa = PBXFileReference; fileEncoding = 4; lastKnownFileType = sourcecode.swift; path = SHA256.swift; sourceTree = "<group>"; };
		BACFE50A3FC667F520174EBC /* Pods_project.framework */ = {isa = PBXFileReference; explicitFileType = wrapper.framework; includeInIndex = 0; path = Pods_project.framework; sourceTree = BUILT_PRODUCTS_DIR; };
		E1296C2E35D01F6629BD4098 /* Pods-project.release.xcconfig */ = {isa = PBXFileReference; includeInIndex = 1; lastKnownFileType = text.xcconfig; name = "Pods-project.release.xcconfig"; path = "Target Support Files/Pods-project/Pods-project.release.xcconfig"; sourceTree = "<group>"; };
/* End PBXFileReference section */

/* Begin PBXFrameworksBuildPhase section */
		AD1F9D9C2BA16DF4005DD9D6 /* Frameworks */ = {
			isa = PBXFrameworksBuildPhase;
			buildActionMask = 2147483647;
			files = (
				ADAA62D42BC41D4900CD0338 /* FirebaseMessaging in Frameworks */,
				ADAA62D22BC41AC100CD0338 /* FirebaseAnalytics in Frameworks */,
				F0F60788C4DD2BBCEDD362A5 /* Pods_project.framework in Frameworks */,
			);
			runOnlyForDeploymentPostprocessing = 0;
		};
		AD1F9DAC2BA16DF5005DD9D6 /* Frameworks */ = {
			isa = PBXFrameworksBuildPhase;
			buildActionMask = 2147483647;
			files = (
				C318CF187E30ED5B6002EAC3 /* Pods_projectTests.framework in Frameworks */,
			);
			runOnlyForDeploymentPostprocessing = 0;
		};
		AD1F9DB62BA16DF5005DD9D6 /* Frameworks */ = {
			isa = PBXFrameworksBuildPhase;
			buildActionMask = 2147483647;
			files = (
				82D0D741DBA891D42B115AE5 /* Pods_project_projectUITests.framework in Frameworks */,
			);
			runOnlyForDeploymentPostprocessing = 0;
		};
/* End PBXFrameworksBuildPhase section */

/* Begin PBXGroup section */
		3BD693BB815398EB6E91EAC7 /* Pods */ = {
			isa = PBXGroup;
			children = (
				60C210DE43DC26A3C1A170CB /* Pods-project.debug.xcconfig */,
				E1296C2E35D01F6629BD4098 /* Pods-project.release.xcconfig */,
				64902609864D69EE7EE65D53 /* Pods-project-projectUITests.debug.xcconfig */,
				294D1F54DC08D6F1E6131486 /* Pods-project-projectUITests.release.xcconfig */,
				3DFDC0097F0F17E577EA5336 /* Pods-projectTests.debug.xcconfig */,
				2E56EE11A7EA332D1EAFB4C4 /* Pods-projectTests.release.xcconfig */,
			);
			path = Pods;
			sourceTree = "<group>";
		};
		6D545C830EA3B9461D2B1F9A /* Frameworks */ = {
			isa = PBXGroup;
			children = (
				BACFE50A3FC667F520174EBC /* Pods_project.framework */,
				985B43E0F89C930438631A6C /* Pods_project_projectUITests.framework */,
				7319C6A88859E59BFC93EC21 /* Pods_projectTests.framework */,
			);
			name = Frameworks;
			sourceTree = "<group>";
		};
		AD0A049E2C04D10100B17FCA /* Plus */ = {
			isa = PBXGroup;
			children = (
				ADD15E8A2C039C630083F776 /* PlusUserView.swift */,
				AD0A049F2C04D3FC00B17FCA /* PlusUserViewModel.swift */,
			);
			path = Plus;
			sourceTree = "<group>";
		};
		AD0F52532BB41CA000A9723A /* Map */ = {
			isa = PBXGroup;
			children = (
				ADD15E852C0313DB0083F776 /* CellView */,
				AD0F52542BB41CAD00A9723A /* MapView.swift */,
				AD0D1DF02BEA2CE200EEBF1F /* MapViewModel.swift */,
				AD06422C2BC7DE4D00141FD6 /* Coordinator.swift */,
				AD214CA32BCEB89F00672F02 /* UserMarkerView.swift */,
			);
			path = Map;
			sourceTree = "<group>";
		};
		AD16B9882BFDF172003B11D3 /* Provider */ = {
			isa = PBXGroup;
			children = (
				AD16B9892BFDF198003B11D3 /* AuthProvider.swift */,
			);
			path = Provider;
			sourceTree = "<group>";
		};
		AD1E10EC2BA847F2002D85BF /* View */ = {
			isa = PBXGroup;
			children = (
				AD9DC8002BAAF603006D422F /* Authentication */,
				AD9DC8022BAAF629006D422F /* Login */,
				AD6572242BB9747700557ED6 /* Main */,
				AD0F52532BB41CA000A9723A /* Map */,
				AD1EBA7A2BF240A5006D55CD /* Modal */,
				AD0A049E2C04D10100B17FCA /* Plus */,
				AD6572212BB96C9300557ED6 /* Setting */,
			);
			path = View;
			sourceTree = "<group>";
		};
		AD1EBA7A2BF240A5006D55CD /* Modal */ = {
			isa = PBXGroup;
			children = (
				AD1EBA7E2BF240E0006D55CD /* UserAlarm */,
				AD1EBA7D2BF240D7006D55CD /* MyProfile */,
			);
			path = Modal;
			sourceTree = "<group>";
		};
		AD1EBA7D2BF240D7006D55CD /* MyProfile */ = {
			isa = PBXGroup;
			children = (
				AD1EBA7B2BF240CC006D55CD /* MyProfileView.swift */,
			);
			path = MyProfile;
			sourceTree = "<group>";
		};
		AD1EBA7E2BF240E0006D55CD /* UserAlarm */ = {
			isa = PBXGroup;
			children = (
				AD1EBA7F2BF24120006D55CD /* UserAlarmView.swift */,
				AD1EBA812BF24192006D55CD /* UserAlarmViewModel.swift */,
			);
			path = UserAlarm;
			sourceTree = "<group>";
		};
		AD1F9D962BA16DF4005DD9D6 = {
			isa = PBXGroup;
			children = (
				AD5E48A42BB807CB0035329E /* Config.xcconfig */,
				AD1F9DA12BA16DF4005DD9D6 /* project */,
				AD1F9DB22BA16DF5005DD9D6 /* projectTests */,
				AD1F9DBC2BA16DF5005DD9D6 /* projectUITests */,
				AD1F9DA02BA16DF4005DD9D6 /* Products */,
				3BD693BB815398EB6E91EAC7 /* Pods */,
				6D545C830EA3B9461D2B1F9A /* Frameworks */,
			);
			sourceTree = "<group>";
		};
		AD1F9DA02BA16DF4005DD9D6 /* Products */ = {
			isa = PBXGroup;
			children = (
				AD1F9D9F2BA16DF4005DD9D6 /* project.app */,
				AD1F9DAF2BA16DF5005DD9D6 /* projectTests.xctest */,
				AD1F9DB92BA16DF5005DD9D6 /* projectUITests.xctest */,
			);
			name = Products;
			sourceTree = "<group>";
		};
		AD1F9DA12BA16DF4005DD9D6 /* project */ = {
			isa = PBXGroup;
			children = (
				ADAA62D52BC41ED900CD0338 /* GoogleService-Info.plist */,
				ADC04B582BA867A100AD8A14 /* project.entitlements */,
				AD9ED12F2BA9BA61005F89D1 /* Info.plist */,
				AD5E489E2BB7FE730035329E /* App */,
				ADC04B4D2BA862B300AD8A14 /* General */,
				ADFA687D2C33D32900F993CC /* Dependency */,
				AD214CA22BCEB84C00672F02 /* Extension */,
				AD1E10EC2BA847F2002D85BF /* View */,
				ADC04B592BA8696500AD8A14 /* Model */,
				ADC04B512BA862FD00AD8A14 /* Service */,
				AD5C64882BB595EA006A7415 /* Keychain */,
				ADEFE9D22BC788450001B6FD /* PushNotificationProvider */,
				ADE859D62BFBB2F4004C7E85 /* API */,
				ADFB9C552BAAA84100DA0C01 /* Util */,
				ADC04B5C2BA8727700AD8A14 /* Resource */,
				AD1F9DA82BA16DF5005DD9D6 /* Preview Content */,
			);
			path = project;
			sourceTree = "<group>";
		};
		AD1F9DA82BA16DF5005DD9D6 /* Preview Content */ = {
			isa = PBXGroup;
			children = (
				AD1F9DA92BA16DF5005DD9D6 /* Preview Assets.xcassets */,
			);
			path = "Preview Content";
			sourceTree = "<group>";
		};
		AD1F9DB22BA16DF5005DD9D6 /* projectTests */ = {
			isa = PBXGroup;
			children = (
				AD918E2E2BD4EFD800C522DF /* Network */,
				AD1F9DB32BA16DF5005DD9D6 /* projectTests.swift */,
			);
			path = projectTests;
			sourceTree = "<group>";
		};
		AD1F9DBC2BA16DF5005DD9D6 /* projectUITests */ = {
			isa = PBXGroup;
			children = (
				AD1F9DBD2BA16DF5005DD9D6 /* projectUITests.swift */,
				AD1F9DBF2BA16DF5005DD9D6 /* projectUITestsLaunchTests.swift */,
			);
			path = projectUITests;
			sourceTree = "<group>";
		};
		AD214CA22BCEB84C00672F02 /* Extension */ = {
			isa = PBXGroup;
			children = (
				AD8A76932BD645CE00B5F31D /* Encodable+Extension.swift */,
				AD8A76952BD6462C00B5F31D /* UserDefaults+Extension.swift */,
				ADF6BDD92C021C1F00153BFA /* convertLocationObject.swift */,
				AD0A049C2C04885400B17FCA /* Sequence+Extension.swift */,
			);
			path = Extension;
			sourceTree = "<group>";
		};
		AD41CF2E2BF49BF5004632D5 /* PhotoPickerService */ = {
			isa = PBXGroup;
			children = (
				AD41CF2F2BF49C10004632D5 /* PhotoPickerService.swift */,
				AD41CF312BF49C19004632D5 /* PhotoImage.swift */,
			);
			path = PhotoPickerService;
			sourceTree = "<group>";
		};
		AD5C64882BB595EA006A7415 /* Keychain */ = {
			isa = PBXGroup;
			children = (
				AD5C64892BB5962D006A7415 /* KeychainManager.swift */,
			);
			path = Keychain;
			sourceTree = "<group>";
		};
		AD5E489E2BB7FE730035329E /* App */ = {
			isa = PBXGroup;
			children = (
				AD1F9DA22BA16DF4005DD9D6 /* projectApp.swift */,
				AD5E48A22BB7FF7C0035329E /* AppDelegate.swift */,
			);
			path = App;
			sourceTree = "<group>";
		};
		AD6572212BB96C9300557ED6 /* Setting */ = {
			isa = PBXGroup;
			children = (
				AD6572222BB96CA600557ED6 /* SettingView.swift */,
				ADFA68832C33D5F300F993CC /* SettingItem.swift */,
				ADFA68912C33E6A200F993CC /* SettingViewModel.swift */,
			);
			path = Setting;
			sourceTree = "<group>";
		};
		AD6572242BB9747700557ED6 /* Main */ = {
			isa = PBXGroup;
			children = (
				AD6572252BB974C200557ED6 /* MainView.swift */,
				AD1EBA782BF23E57006D55CD /* MainModalDestination.swift */,
				AD03A46B2BBE937200F2DB47 /* MainViewModel.swift */,
			);
			path = Main;
			sourceTree = "<group>";
		};
		AD82E8002BFC7C0C00663F30 /* Models */ = {
			isa = PBXGroup;
			children = (
				AD82E8012BFC7C4900663F30 /* GetUserResponse.swift */,
				AD82E8022BFC7C4900663F30 /* ImageDTO.swift */,
				AD82E8062BFC7C4900663F30 /* LoginRequest.swift */,
				AD82E8032BFC7C4900663F30 /* RefreshRequest.swift */,
				AD82E8052BFC7C4900663F30 /* UserDTO.swift */,
				AD82E80D2BFC7D2200663F30 /* LoginResponse.swift */,
				ADDF95C92BFF7D3A00DFD813 /* ImageUploadResponse.swift */,
			);
			path = Models;
			sourceTree = "<group>";
		};
		AD918E2E2BD4EFD800C522DF /* Network */ = {
			isa = PBXGroup;
			children = (
				AD918E332BD4F28600C522DF /* LoginAPITests.swift */,
				AD918E352BD4F84000C522DF /* Mocks */,
			);
			path = Network;
			sourceTree = "<group>";
		};
		AD918E352BD4F84000C522DF /* Mocks */ = {
			isa = PBXGroup;
			children = (
				AD918E2F2BD4F03400C522DF /* MockURLSessionDataTask.swift */,
				AD918E362BD4F86200C522DF /* MockURLSession.swift */,
			);
			path = Mocks;
			sourceTree = "<group>";
		};
		AD9DC8002BAAF603006D422F /* Authentication */ = {
			isa = PBXGroup;
			children = (
				AD1F9DA42BA16DF4005DD9D6 /* AuthenticationView.swift */,
				ADC04B562BA8642800AD8A14 /* AuthenticationViewModel.swift */,
			);
			path = Authentication;
			sourceTree = "<group>";
		};
		AD9DC8022BAAF629006D422F /* Login */ = {
			isa = PBXGroup;
			children = (
				AD9DC8032BAAF644006D422F /* LoginView.swift */,
			);
			path = Login;
			sourceTree = "<group>";
		};
		ADA4A2C02BF737360007B58A /* Upload */ = {
			isa = PBXGroup;
			children = (
				ADA4A2C12BF737540007B58A /* UploadService.swift */,
			);
			path = Upload;
			sourceTree = "<group>";
		};
		ADA705C02BF35AEC00943B30 /* URLImageView */ = {
			isa = PBXGroup;
			children = (
				ADA705C12BF35B1B00943B30 /* URLImageView.swift */,
				ADA705C32BF35B2500943B30 /* URLImageViewModel.swift */,
			);
			path = URLImageView;
			sourceTree = "<group>";
		};
		ADC04B4D2BA862B300AD8A14 /* General */ = {
			isa = PBXGroup;
			children = (
				ADDDF3A42BB2C7C800923127 /* View */,
				AD918E3A2BD5306B00C522DF /* Phase.swift */,
				ADFA688D2C33DC7B00F993CC /* Contant.swift */,
			);
			path = General;
			sourceTree = "<group>";
		};
		ADC04B512BA862FD00AD8A14 /* Service */ = {
			isa = PBXGroup;
			children = (
				ADA4A2C02BF737360007B58A /* Upload */,
				AD41CF2E2BF49BF5004632D5 /* PhotoPickerService */,
				ADC5B4E72BE7D00200D26CCA /* ImageCache */,
				ADC04B522BA8631E00AD8A14 /* Services.swift */,
				AD03A4692BBE39FF00F2DB47 /* UserService.swift */,
				ADC04B542BA8638F00AD8A14 /* AuthenticationService.swift */,
				AD9ED10F2BA91E38005F89D1 /* ServiceError.swift */,
				ADBEEC5B2BCC252100648CD1 /* PushNotificationService.swift */,
			);
			path = Service;
			sourceTree = "<group>";
		};
		ADC04B592BA8696500AD8A14 /* Model */ = {
			isa = PBXGroup;
			children = (
				ADC04B5A2BA8697500AD8A14 /* User.swift */,
				AD0D1DF22BEA2D5000EEBF1F /* UserMarker.swift */,
				AD2C017D2BD695BB00D6D23E /* ConnectedUser.swift */,
			);
			path = Model;
			sourceTree = "<group>";
		};
		ADC04B5C2BA8727700AD8A14 /* Resource */ = {
			isa = PBXGroup;
			children = (
				AD1F9DA62BA16DF5005DD9D6 /* Assets.xcassets */,
				ADC04B5D2BA872A800AD8A14 /* LaunchScreen.storyboard */,
				AD9956FA2BC6EC31000FEA1B /* LaunchScreenIcon.png */,
				ADDDF3C82BB2EC9400923127 /* Color.xcassets */,
			);
			path = Resource;
			sourceTree = "<group>";
		};
		ADC5B4E72BE7D00200D26CCA /* ImageCache */ = {
			isa = PBXGroup;
			children = (
				ADC5B4E82BE7D03200D26CCA /* ImageCacheService.swift */,
				ADC5B4EA2BE7D04200D26CCA /* MemoryStorage.swift */,
				ADC5B4EC2BE7D04C00D26CCA /* DiskStorage.swift */,
			);
			path = ImageCache;
			sourceTree = "<group>";
		};
		ADD15E852C0313DB0083F776 /* CellView */ = {
			isa = PBXGroup;
			children = (
				ADA4A2BE2BF70F570007B58A /* MyInfoCellView.swift */,
				ADD15E882C03175E0083F776 /* OtherInfoCellView.swift */,
				ADD15E862C03165F0083F776 /* PlusCellView.swift */,
			);
			path = CellView;
			sourceTree = "<group>";
		};
		ADDDF3A42BB2C7C800923127 /* View */ = {
			isa = PBXGroup;
			children = (
				ADA705C02BF35AEC00943B30 /* URLImageView */,
				AD6572272BB976E200557ED6 /* CustomIcon.swift */,
				ADDDF3A52BB2C81800923127 /* LoadingView.swift */,
				AD918E3C2BD53E1B00C522DF /* PlaceholderView.swift */,
				AD918E3E2BD5401C00C522DF /* ErrorView.swift */,
				ADFA688F2C33E62400F993CC /* NavigationRoutingView.swift */,
			);
			path = View;
			sourceTree = "<group>";
		};
		ADE859D62BFBB2F4004C7E85 /* API */ = {
			isa = PBXGroup;
			children = (
				AD16B9882BFDF172003B11D3 /* Provider */,
				AD82E8002BFC7C0C00663F30 /* Models */,
				ADE859E12BFBBB06004C7E85 /* OAuth */,
				ADE859D82BFBB316004C7E85 /* Router */,
				ADE859D72BFBB305004C7E85 /* Intercerceptor */,
				ADE859D92BFBB32A004C7E85 /* ApiClient.swift */,
				ADE859DD2BFBB46D004C7E85 /* ApiLogger.swift */,
			);
			path = API;
			sourceTree = "<group>";
		};
		ADE859D72BFBB305004C7E85 /* Intercerceptor */ = {
			isa = PBXGroup;
			children = (
				ADE859DB2BFBB383004C7E85 /* BaseInterceptor.swift */,
				AD16B98D2BFE2761003B11D3 /* AuthInterceptor.swift */,
			);
			path = Intercerceptor;
			sourceTree = "<group>";
		};
		ADE859D82BFBB316004C7E85 /* Router */ = {
			isa = PBXGroup;
			children = (
				ADE859DF2BFBB5F4004C7E85 /* AuthRouter.swift */,
				AD82E7FE2BFC6E8400663F30 /* UserRouter.swift */,
				ADDF95C52BFF72C600DFD813 /* ImageRouter.swift */,
			);
			path = Router;
			sourceTree = "<group>";
		};
		ADE859E12BFBBB06004C7E85 /* OAuth */ = {
			isa = PBXGroup;
			children = (
				ADE859E22BFBBB1E004C7E85 /* OAuthAuthenticator.swift */,
				ADE859E42BFBBB7C004C7E85 /* OAuthCredential.swift */,
			);
			path = OAuth;
			sourceTree = "<group>";
		};
		ADEFE9D22BC788450001B6FD /* PushNotificationProvider */ = {
			isa = PBXGroup;
			children = (
				ADEFE9D32BC788770001B6FD /* PushNotificationProvider.swift */,
			);
			path = PushNotificationProvider;
			sourceTree = "<group>";
		};
		ADFA687D2C33D32900F993CC /* Dependency */ = {
			isa = PBXGroup;
			children = (
				ADFA68882C33D96200F993CC /* Navigation */,
				ADFA68852C33D84100F993CC /* Protocol */,
				ADFA687E2C33D35C00F993CC /* Appearance */,
				ADC04B4E2BA862C700AD8A14 /* DIContainer.swift */,
			);
			path = Dependency;
			sourceTree = "<group>";
		};
		ADFA687E2C33D35C00F993CC /* Appearance */ = {
			isa = PBXGroup;
			children = (
				ADFA687F2C33D3BA00F993CC /* AppearanceType.swift */,
				ADFA68812C33D3D100F993CC /* AppearanceController.swift */,
			);
			path = Appearance;
			sourceTree = "<group>";
		};
		ADFA68852C33D84100F993CC /* Protocol */ = {
			isa = PBXGroup;
			children = (
				ADFA68862C33D86B00F993CC /* ObservableObjectSettable.swift */,
			);
			path = Protocol;
			sourceTree = "<group>";
		};
		ADFA68882C33D96200F993CC /* Navigation */ = {
			isa = PBXGroup;
			children = (
				ADFA68892C33D98800F993CC /* NavigationDestination.swift */,
				ADFA688B2C33D9B100F993CC /* NavigationRouter.swift */,
			);
			path = Navigation;
			sourceTree = "<group>";
		};
		ADFB9C552BAAA84100DA0C01 /* Util */ = {
			isa = PBXGroup;
			children = (
				ADFB9C562BAAA86200DA0C01 /* SHA256.swift */,
			);
			path = Util;
			sourceTree = "<group>";
		};
/* End PBXGroup section */

/* Begin PBXNativeTarget section */
		AD1F9D9E2BA16DF4005DD9D6 /* project */ = {
			isa = PBXNativeTarget;
			buildConfigurationList = AD1F9DC32BA16DF5005DD9D6 /* Build configuration list for PBXNativeTarget "project" */;
			buildPhases = (
				92E180A2CE805935DA725DBD /* [CP] Check Pods Manifest.lock */,
				AD1F9D9B2BA16DF4005DD9D6 /* Sources */,
				AD1F9D9C2BA16DF4005DD9D6 /* Frameworks */,
				AD1F9D9D2BA16DF4005DD9D6 /* Resources */,
				F202794E3BF326B8475A888F /* [CP] Embed Pods Frameworks */,
			);
			buildRules = (
			);
			dependencies = (
			);
			name = project;
			packageProductDependencies = (
				ADAA62D12BC41AC100CD0338 /* FirebaseAnalytics */,
				ADAA62D32BC41D4900CD0338 /* FirebaseMessaging */,
			);
			productName = project;
			productReference = AD1F9D9F2BA16DF4005DD9D6 /* project.app */;
			productType = "com.apple.product-type.application";
		};
		AD1F9DAE2BA16DF5005DD9D6 /* projectTests */ = {
			isa = PBXNativeTarget;
			buildConfigurationList = AD1F9DC62BA16DF5005DD9D6 /* Build configuration list for PBXNativeTarget "projectTests" */;
			buildPhases = (
				CCA762CE8A7ABF07A1B5D157 /* [CP] Check Pods Manifest.lock */,
				AD1F9DAB2BA16DF5005DD9D6 /* Sources */,
				AD1F9DAC2BA16DF5005DD9D6 /* Frameworks */,
				AD1F9DAD2BA16DF5005DD9D6 /* Resources */,
			);
			buildRules = (
			);
			dependencies = (
				AD1F9DB12BA16DF5005DD9D6 /* PBXTargetDependency */,
			);
			name = projectTests;
			productName = projectTests;
			productReference = AD1F9DAF2BA16DF5005DD9D6 /* projectTests.xctest */;
			productType = "com.apple.product-type.bundle.unit-test";
		};
		AD1F9DB82BA16DF5005DD9D6 /* projectUITests */ = {
			isa = PBXNativeTarget;
			buildConfigurationList = AD1F9DC92BA16DF5005DD9D6 /* Build configuration list for PBXNativeTarget "projectUITests" */;
			buildPhases = (
				A8A12E8B350CDEE22086AF6F /* [CP] Check Pods Manifest.lock */,
				AD1F9DB52BA16DF5005DD9D6 /* Sources */,
				AD1F9DB62BA16DF5005DD9D6 /* Frameworks */,
				AD1F9DB72BA16DF5005DD9D6 /* Resources */,
				FAC3505DCBE336146B70FA33 /* [CP] Embed Pods Frameworks */,
			);
			buildRules = (
			);
			dependencies = (
				AD1F9DBB2BA16DF5005DD9D6 /* PBXTargetDependency */,
			);
			name = projectUITests;
			productName = projectUITests;
			productReference = AD1F9DB92BA16DF5005DD9D6 /* projectUITests.xctest */;
			productType = "com.apple.product-type.bundle.ui-testing";
		};
/* End PBXNativeTarget section */

/* Begin PBXProject section */
		AD1F9D972BA16DF4005DD9D6 /* Project object */ = {
			isa = PBXProject;
			attributes = {
				BuildIndependentTargetsInParallel = 1;
				LastSwiftUpdateCheck = 1500;
				LastUpgradeCheck = 1540;
				TargetAttributes = {
					AD1F9D9E2BA16DF4005DD9D6 = {
						CreatedOnToolsVersion = 15.0.1;
					};
					AD1F9DAE2BA16DF5005DD9D6 = {
						CreatedOnToolsVersion = 15.0.1;
						TestTargetID = AD1F9D9E2BA16DF4005DD9D6;
					};
					AD1F9DB82BA16DF5005DD9D6 = {
						CreatedOnToolsVersion = 15.0.1;
						TestTargetID = AD1F9D9E2BA16DF4005DD9D6;
					};
				};
			};
			buildConfigurationList = AD1F9D9A2BA16DF4005DD9D6 /* Build configuration list for PBXProject "project" */;
			compatibilityVersion = "Xcode 14.0";
			developmentRegion = ko;
			hasScannedForEncodings = 0;
			knownRegions = (
				en,
				Base,
				ko,
			);
			mainGroup = AD1F9D962BA16DF4005DD9D6;
			packageReferences = (
				ADAA62D02BC41AC100CD0338 /* XCRemoteSwiftPackageReference "firebase-ios-sdk" */,
			);
			productRefGroup = AD1F9DA02BA16DF4005DD9D6 /* Products */;
			projectDirPath = "";
			projectRoot = "";
			targets = (
				AD1F9D9E2BA16DF4005DD9D6 /* project */,
				AD1F9DAE2BA16DF5005DD9D6 /* projectTests */,
				AD1F9DB82BA16DF5005DD9D6 /* projectUITests */,
			);
		};
/* End PBXProject section */

/* Begin PBXResourcesBuildPhase section */
		AD1F9D9D2BA16DF4005DD9D6 /* Resources */ = {
			isa = PBXResourcesBuildPhase;
			buildActionMask = 2147483647;
			files = (
				AD9956FB2BC6EC31000FEA1B /* LaunchScreenIcon.png in Resources */,
				ADAA62D62BC41ED900CD0338 /* GoogleService-Info.plist in Resources */,
				ADC04B5E2BA872A800AD8A14 /* LaunchScreen.storyboard in Resources */,
				ADDDF3C92BB2EC9400923127 /* Color.xcassets in Resources */,
				AD1F9DAA2BA16DF5005DD9D6 /* Preview Assets.xcassets in Resources */,
				AD1F9DA72BA16DF5005DD9D6 /* Assets.xcassets in Resources */,
			);
			runOnlyForDeploymentPostprocessing = 0;
		};
		AD1F9DAD2BA16DF5005DD9D6 /* Resources */ = {
			isa = PBXResourcesBuildPhase;
			buildActionMask = 2147483647;
			files = (
			);
			runOnlyForDeploymentPostprocessing = 0;
		};
		AD1F9DB72BA16DF5005DD9D6 /* Resources */ = {
			isa = PBXResourcesBuildPhase;
			buildActionMask = 2147483647;
			files = (
			);
			runOnlyForDeploymentPostprocessing = 0;
		};
/* End PBXResourcesBuildPhase section */

/* Begin PBXShellScriptBuildPhase section */
		92E180A2CE805935DA725DBD /* [CP] Check Pods Manifest.lock */ = {
			isa = PBXShellScriptBuildPhase;
			buildActionMask = 2147483647;
			files = (
			);
			inputFileListPaths = (
			);
			inputPaths = (
				"${PODS_PODFILE_DIR_PATH}/Podfile.lock",
				"${PODS_ROOT}/Manifest.lock",
			);
			name = "[CP] Check Pods Manifest.lock";
			outputFileListPaths = (
			);
			outputPaths = (
				"$(DERIVED_FILE_DIR)/Pods-project-checkManifestLockResult.txt",
			);
			runOnlyForDeploymentPostprocessing = 0;
			shellPath = /bin/sh;
			shellScript = "diff \"${PODS_PODFILE_DIR_PATH}/Podfile.lock\" \"${PODS_ROOT}/Manifest.lock\" > /dev/null\nif [ $? != 0 ] ; then\n    # print error to STDERR\n    echo \"error: The sandbox is not in sync with the Podfile.lock. Run 'pod install' or update your CocoaPods installation.\" >&2\n    exit 1\nfi\n# This output is used by Xcode 'outputs' to avoid re-running this script phase.\necho \"SUCCESS\" > \"${SCRIPT_OUTPUT_FILE_0}\"\n";
			showEnvVarsInLog = 0;
		};
		A8A12E8B350CDEE22086AF6F /* [CP] Check Pods Manifest.lock */ = {
			isa = PBXShellScriptBuildPhase;
			buildActionMask = 2147483647;
			files = (
			);
			inputFileListPaths = (
			);
			inputPaths = (
				"${PODS_PODFILE_DIR_PATH}/Podfile.lock",
				"${PODS_ROOT}/Manifest.lock",
			);
			name = "[CP] Check Pods Manifest.lock";
			outputFileListPaths = (
			);
			outputPaths = (
				"$(DERIVED_FILE_DIR)/Pods-project-projectUITests-checkManifestLockResult.txt",
			);
			runOnlyForDeploymentPostprocessing = 0;
			shellPath = /bin/sh;
			shellScript = "diff \"${PODS_PODFILE_DIR_PATH}/Podfile.lock\" \"${PODS_ROOT}/Manifest.lock\" > /dev/null\nif [ $? != 0 ] ; then\n    # print error to STDERR\n    echo \"error: The sandbox is not in sync with the Podfile.lock. Run 'pod install' or update your CocoaPods installation.\" >&2\n    exit 1\nfi\n# This output is used by Xcode 'outputs' to avoid re-running this script phase.\necho \"SUCCESS\" > \"${SCRIPT_OUTPUT_FILE_0}\"\n";
			showEnvVarsInLog = 0;
		};
		CCA762CE8A7ABF07A1B5D157 /* [CP] Check Pods Manifest.lock */ = {
			isa = PBXShellScriptBuildPhase;
			buildActionMask = 2147483647;
			files = (
			);
			inputFileListPaths = (
			);
			inputPaths = (
				"${PODS_PODFILE_DIR_PATH}/Podfile.lock",
				"${PODS_ROOT}/Manifest.lock",
			);
			name = "[CP] Check Pods Manifest.lock";
			outputFileListPaths = (
			);
			outputPaths = (
				"$(DERIVED_FILE_DIR)/Pods-projectTests-checkManifestLockResult.txt",
			);
			runOnlyForDeploymentPostprocessing = 0;
			shellPath = /bin/sh;
			shellScript = "diff \"${PODS_PODFILE_DIR_PATH}/Podfile.lock\" \"${PODS_ROOT}/Manifest.lock\" > /dev/null\nif [ $? != 0 ] ; then\n    # print error to STDERR\n    echo \"error: The sandbox is not in sync with the Podfile.lock. Run 'pod install' or update your CocoaPods installation.\" >&2\n    exit 1\nfi\n# This output is used by Xcode 'outputs' to avoid re-running this script phase.\necho \"SUCCESS\" > \"${SCRIPT_OUTPUT_FILE_0}\"\n";
			showEnvVarsInLog = 0;
		};
		F202794E3BF326B8475A888F /* [CP] Embed Pods Frameworks */ = {
			isa = PBXShellScriptBuildPhase;
			buildActionMask = 2147483647;
			files = (
			);
			inputFileListPaths = (
				"${PODS_ROOT}/Target Support Files/Pods-project/Pods-project-frameworks-${CONFIGURATION}-input-files.xcfilelist",
			);
			name = "[CP] Embed Pods Frameworks";
			outputFileListPaths = (
				"${PODS_ROOT}/Target Support Files/Pods-project/Pods-project-frameworks-${CONFIGURATION}-output-files.xcfilelist",
			);
			runOnlyForDeploymentPostprocessing = 0;
			shellPath = /bin/sh;
			shellScript = "\"${PODS_ROOT}/Target Support Files/Pods-project/Pods-project-frameworks.sh\"\n";
			showEnvVarsInLog = 0;
		};
		FAC3505DCBE336146B70FA33 /* [CP] Embed Pods Frameworks */ = {
			isa = PBXShellScriptBuildPhase;
			buildActionMask = 2147483647;
			files = (
			);
			inputFileListPaths = (
				"${PODS_ROOT}/Target Support Files/Pods-project-projectUITests/Pods-project-projectUITests-frameworks-${CONFIGURATION}-input-files.xcfilelist",
			);
			name = "[CP] Embed Pods Frameworks";
			outputFileListPaths = (
				"${PODS_ROOT}/Target Support Files/Pods-project-projectUITests/Pods-project-projectUITests-frameworks-${CONFIGURATION}-output-files.xcfilelist",
			);
			runOnlyForDeploymentPostprocessing = 0;
			shellPath = /bin/sh;
			shellScript = "\"${PODS_ROOT}/Target Support Files/Pods-project-projectUITests/Pods-project-projectUITests-frameworks.sh\"\n";
			showEnvVarsInLog = 0;
		};
/* End PBXShellScriptBuildPhase section */

/* Begin PBXSourcesBuildPhase section */
		AD1F9D9B2BA16DF4005DD9D6 /* Sources */ = {
			isa = PBXSourcesBuildPhase;
			buildActionMask = 2147483647;
			files = (
				AD82E80C2BFC7C4900663F30 /* LoginRequest.swift in Sources */,
				ADBEEC5C2BCC252100648CD1 /* PushNotificationService.swift in Sources */,
				AD03A46A2BBE39FF00F2DB47 /* UserService.swift in Sources */,
				ADD15E8B2C039C630083F776 /* PlusUserView.swift in Sources */,
				AD82E80B2BFC7C4900663F30 /* UserDTO.swift in Sources */,
				ADA705C22BF35B1B00943B30 /* URLImageView.swift in Sources */,
				ADA705C42BF35B2500943B30 /* URLImageViewModel.swift in Sources */,
				ADFA68802C33D3BA00F993CC /* AppearanceType.swift in Sources */,
				AD06422D2BC7DE4D00141FD6 /* Coordinator.swift in Sources */,
				ADF6BDDA2C021C1F00153BFA /* convertLocationObject.swift in Sources */,
				ADE859E52BFBBB7C004C7E85 /* OAuthCredential.swift in Sources */,
				AD9ED1102BA91E38005F89D1 /* ServiceError.swift in Sources */,
				AD03A46C2BBE937200F2DB47 /* MainViewModel.swift in Sources */,
				ADDF95CA2BFF7D3A00DFD813 /* ImageUploadResponse.swift in Sources */,
				ADC5B4E92BE7D03200D26CCA /* ImageCacheService.swift in Sources */,
				ADD15E872C03165F0083F776 /* PlusCellView.swift in Sources */,
				AD1F9DA52BA16DF4005DD9D6 /* AuthenticationView.swift in Sources */,
				ADA4A2BF2BF70F570007B58A /* MyInfoCellView.swift in Sources */,
				AD1EBA802BF24120006D55CD /* UserAlarmView.swift in Sources */,
				ADE859DA2BFBB32A004C7E85 /* ApiClient.swift in Sources */,
				AD0A04A02C04D3FC00B17FCA /* PlusUserViewModel.swift in Sources */,
				ADFA688A2C33D98800F993CC /* NavigationDestination.swift in Sources */,
				ADD15E892C03175E0083F776 /* OtherInfoCellView.swift in Sources */,
				AD918E3D2BD53E1B00C522DF /* PlaceholderView.swift in Sources */,
				AD82E8092BFC7C4900663F30 /* RefreshRequest.swift in Sources */,
				AD6572232BB96CA700557ED6 /* SettingView.swift in Sources */,
				AD1EBA7C2BF240CC006D55CD /* MyProfileView.swift in Sources */,
				AD41CF302BF49C10004632D5 /* PhotoPickerService.swift in Sources */,
				AD5E48A32BB7FF7C0035329E /* AppDelegate.swift in Sources */,
				AD41CF322BF49C19004632D5 /* PhotoImage.swift in Sources */,
				ADC04B532BA8631E00AD8A14 /* Services.swift in Sources */,
				AD0F52552BB41CAD00A9723A /* MapView.swift in Sources */,
				ADFA68822C33D3D100F993CC /* AppearanceController.swift in Sources */,
				AD214CA42BCEB89F00672F02 /* UserMarkerView.swift in Sources */,
				AD82E8072BFC7C4900663F30 /* GetUserResponse.swift in Sources */,
				AD2C017E2BD695BB00D6D23E /* ConnectedUser.swift in Sources */,
				ADC04B572BA8642800AD8A14 /* AuthenticationViewModel.swift in Sources */,
				ADE859DE2BFBB46D004C7E85 /* ApiLogger.swift in Sources */,
				ADFA68872C33D86B00F993CC /* ObservableObjectSettable.swift in Sources */,
				AD0A049D2C04885400B17FCA /* Sequence+Extension.swift in Sources */,
				AD918E3B2BD5306B00C522DF /* Phase.swift in Sources */,
				ADFA68842C33D5F300F993CC /* SettingItem.swift in Sources */,
				ADC04B4F2BA862C700AD8A14 /* DIContainer.swift in Sources */,
				ADE859DC2BFBB383004C7E85 /* BaseInterceptor.swift in Sources */,
				AD8A76942BD645CE00B5F31D /* Encodable+Extension.swift in Sources */,
				AD1F9DA32BA16DF4005DD9D6 /* projectApp.swift in Sources */,
				ADDDF3A62BB2C81800923127 /* LoadingView.swift in Sources */,
				ADEFE9D42BC788770001B6FD /* PushNotificationProvider.swift in Sources */,
				AD6572262BB974C200557ED6 /* MainView.swift in Sources */,
				ADFA688E2C33DC7B00F993CC /* Contant.swift in Sources */,
				AD16B98E2BFE2761003B11D3 /* AuthInterceptor.swift in Sources */,
				ADC04B552BA8638F00AD8A14 /* AuthenticationService.swift in Sources */,
				ADFA688C2C33D9B100F993CC /* NavigationRouter.swift in Sources */,
				ADFA68922C33E6A200F993CC /* SettingViewModel.swift in Sources */,
				AD9DC8042BAAF644006D422F /* LoginView.swift in Sources */,
				AD0D1DF32BEA2D5000EEBF1F /* UserMarker.swift in Sources */,
				ADFA68902C33E62400F993CC /* NavigationRoutingView.swift in Sources */,
				AD16B98A2BFDF198003B11D3 /* AuthProvider.swift in Sources */,
				ADA4A2C22BF737540007B58A /* UploadService.swift in Sources */,
				AD1EBA822BF24192006D55CD /* UserAlarmViewModel.swift in Sources */,
				AD5C648A2BB5962D006A7415 /* KeychainManager.swift in Sources */,
				AD82E80E2BFC7D2200663F30 /* LoginResponse.swift in Sources */,
				AD0D1DF12BEA2CE200EEBF1F /* MapViewModel.swift in Sources */,
				ADE859E32BFBBB1E004C7E85 /* OAuthAuthenticator.swift in Sources */,
				ADFB9C582BAAA86200DA0C01 /* SHA256.swift in Sources */,
				AD82E8082BFC7C4900663F30 /* ImageDTO.swift in Sources */,
				ADC5B4EB2BE7D04200D26CCA /* MemoryStorage.swift in Sources */,
				ADC04B5B2BA8697500AD8A14 /* User.swift in Sources */,
				ADC5B4ED2BE7D04C00D26CCA /* DiskStorage.swift in Sources */,
				AD82E7FF2BFC6E8400663F30 /* UserRouter.swift in Sources */,
				AD6572282BB976E200557ED6 /* CustomIcon.swift in Sources */,
				AD8A76962BD6462C00B5F31D /* UserDefaults+Extension.swift in Sources */,
				AD918E3F2BD5401C00C522DF /* ErrorView.swift in Sources */,
				ADE859E02BFBB5F4004C7E85 /* AuthRouter.swift in Sources */,
				ADDF95C62BFF72C600DFD813 /* ImageRouter.swift in Sources */,
				AD1EBA792BF23E57006D55CD /* MainModalDestination.swift in Sources */,
			);
			runOnlyForDeploymentPostprocessing = 0;
		};
		AD1F9DAB2BA16DF5005DD9D6 /* Sources */ = {
			isa = PBXSourcesBuildPhase;
			buildActionMask = 2147483647;
			files = (
				AD918E372BD4F86200C522DF /* MockURLSession.swift in Sources */,
				AD1F9DB42BA16DF5005DD9D6 /* projectTests.swift in Sources */,
				AD918E342BD4F28600C522DF /* LoginAPITests.swift in Sources */,
				AD918E302BD4F03400C522DF /* MockURLSessionDataTask.swift in Sources */,
			);
			runOnlyForDeploymentPostprocessing = 0;
		};
		AD1F9DB52BA16DF5005DD9D6 /* Sources */ = {
			isa = PBXSourcesBuildPhase;
			buildActionMask = 2147483647;
			files = (
				AD1F9DC02BA16DF5005DD9D6 /* projectUITestsLaunchTests.swift in Sources */,
				AD1F9DBE2BA16DF5005DD9D6 /* projectUITests.swift in Sources */,
			);
			runOnlyForDeploymentPostprocessing = 0;
		};
/* End PBXSourcesBuildPhase section */

/* Begin PBXTargetDependency section */
		AD1F9DB12BA16DF5005DD9D6 /* PBXTargetDependency */ = {
			isa = PBXTargetDependency;
			target = AD1F9D9E2BA16DF4005DD9D6 /* project */;
			targetProxy = AD1F9DB02BA16DF5005DD9D6 /* PBXContainerItemProxy */;
		};
		AD1F9DBB2BA16DF5005DD9D6 /* PBXTargetDependency */ = {
			isa = PBXTargetDependency;
			target = AD1F9D9E2BA16DF4005DD9D6 /* project */;
			targetProxy = AD1F9DBA2BA16DF5005DD9D6 /* PBXContainerItemProxy */;
		};
/* End PBXTargetDependency section */

/* Begin XCBuildConfiguration section */
		AD1F9DC12BA16DF5005DD9D6 /* Debug */ = {
			isa = XCBuildConfiguration;
			baseConfigurationReference = AD5E48A42BB807CB0035329E /* Config.xcconfig */;
			buildSettings = {
				ALWAYS_SEARCH_USER_PATHS = NO;
				ASSETCATALOG_COMPILER_GENERATE_SWIFT_ASSET_SYMBOL_EXTENSIONS = YES;
				CLANG_ANALYZER_LOCALIZABILITY_NONLOCALIZED = YES;
				CLANG_ANALYZER_NONNULL = YES;
				CLANG_ANALYZER_NUMBER_OBJECT_CONVERSION = YES_AGGRESSIVE;
				CLANG_CXX_LANGUAGE_STANDARD = "gnu++20";
				CLANG_ENABLE_MODULES = YES;
				CLANG_ENABLE_OBJC_ARC = YES;
				CLANG_ENABLE_OBJC_WEAK = YES;
				CLANG_WARN_BLOCK_CAPTURE_AUTORELEASING = YES;
				CLANG_WARN_BOOL_CONVERSION = YES;
				CLANG_WARN_COMMA = YES;
				CLANG_WARN_CONSTANT_CONVERSION = YES;
				CLANG_WARN_DEPRECATED_OBJC_IMPLEMENTATIONS = YES;
				CLANG_WARN_DIRECT_OBJC_ISA_USAGE = YES_ERROR;
				CLANG_WARN_DOCUMENTATION_COMMENTS = YES;
				CLANG_WARN_EMPTY_BODY = YES;
				CLANG_WARN_ENUM_CONVERSION = YES;
				CLANG_WARN_INFINITE_RECURSION = YES;
				CLANG_WARN_INT_CONVERSION = YES;
				CLANG_WARN_NON_LITERAL_NULL_CONVERSION = YES;
				CLANG_WARN_OBJC_IMPLICIT_RETAIN_SELF = YES;
				CLANG_WARN_OBJC_LITERAL_CONVERSION = YES;
				CLANG_WARN_OBJC_ROOT_CLASS = YES_ERROR;
				CLANG_WARN_QUOTED_INCLUDE_IN_FRAMEWORK_HEADER = YES;
				CLANG_WARN_RANGE_LOOP_ANALYSIS = YES;
				CLANG_WARN_STRICT_PROTOTYPES = YES;
				CLANG_WARN_SUSPICIOUS_MOVE = YES;
				CLANG_WARN_UNGUARDED_AVAILABILITY = YES_AGGRESSIVE;
				CLANG_WARN_UNREACHABLE_CODE = YES;
				CLANG_WARN__DUPLICATE_METHOD_MATCH = YES;
				COPY_PHASE_STRIP = NO;
				DEBUG_INFORMATION_FORMAT = dwarf;
				ENABLE_STRICT_OBJC_MSGSEND = YES;
				ENABLE_TESTABILITY = YES;
				ENABLE_USER_SCRIPT_SANDBOXING = NO;
				GCC_C_LANGUAGE_STANDARD = gnu17;
				GCC_DYNAMIC_NO_PIC = NO;
				GCC_NO_COMMON_BLOCKS = YES;
				GCC_OPTIMIZATION_LEVEL = 0;
				GCC_PREPROCESSOR_DEFINITIONS = (
					"DEBUG=1",
					"$(inherited)",
				);
				GCC_WARN_64_TO_32_BIT_CONVERSION = YES;
				GCC_WARN_ABOUT_RETURN_TYPE = YES_ERROR;
				GCC_WARN_UNDECLARED_SELECTOR = YES;
				GCC_WARN_UNINITIALIZED_AUTOS = YES_AGGRESSIVE;
				GCC_WARN_UNUSED_FUNCTION = YES;
				GCC_WARN_UNUSED_VARIABLE = YES;
				IPHONEOS_DEPLOYMENT_TARGET = 16.0;
				LOCALIZATION_PREFERS_STRING_CATALOGS = YES;
				MTL_ENABLE_DEBUG_INFO = INCLUDE_SOURCE;
				MTL_FAST_MATH = YES;
				ONLY_ACTIVE_ARCH = YES;
				SDKROOT = iphoneos;
				SWIFT_ACTIVE_COMPILATION_CONDITIONS = "DEBUG $(inherited)";
				SWIFT_OPTIMIZATION_LEVEL = "-Onone";
			};
			name = Debug;
		};
		AD1F9DC22BA16DF5005DD9D6 /* Release */ = {
			isa = XCBuildConfiguration;
			buildSettings = {
				ALWAYS_SEARCH_USER_PATHS = NO;
				ASSETCATALOG_COMPILER_GENERATE_SWIFT_ASSET_SYMBOL_EXTENSIONS = YES;
				CLANG_ANALYZER_LOCALIZABILITY_NONLOCALIZED = YES;
				CLANG_ANALYZER_NONNULL = YES;
				CLANG_ANALYZER_NUMBER_OBJECT_CONVERSION = YES_AGGRESSIVE;
				CLANG_CXX_LANGUAGE_STANDARD = "gnu++20";
				CLANG_ENABLE_MODULES = YES;
				CLANG_ENABLE_OBJC_ARC = YES;
				CLANG_ENABLE_OBJC_WEAK = YES;
				CLANG_WARN_BLOCK_CAPTURE_AUTORELEASING = YES;
				CLANG_WARN_BOOL_CONVERSION = YES;
				CLANG_WARN_COMMA = YES;
				CLANG_WARN_CONSTANT_CONVERSION = YES;
				CLANG_WARN_DEPRECATED_OBJC_IMPLEMENTATIONS = YES;
				CLANG_WARN_DIRECT_OBJC_ISA_USAGE = YES_ERROR;
				CLANG_WARN_DOCUMENTATION_COMMENTS = YES;
				CLANG_WARN_EMPTY_BODY = YES;
				CLANG_WARN_ENUM_CONVERSION = YES;
				CLANG_WARN_INFINITE_RECURSION = YES;
				CLANG_WARN_INT_CONVERSION = YES;
				CLANG_WARN_NON_LITERAL_NULL_CONVERSION = YES;
				CLANG_WARN_OBJC_IMPLICIT_RETAIN_SELF = YES;
				CLANG_WARN_OBJC_LITERAL_CONVERSION = YES;
				CLANG_WARN_OBJC_ROOT_CLASS = YES_ERROR;
				CLANG_WARN_QUOTED_INCLUDE_IN_FRAMEWORK_HEADER = YES;
				CLANG_WARN_RANGE_LOOP_ANALYSIS = YES;
				CLANG_WARN_STRICT_PROTOTYPES = YES;
				CLANG_WARN_SUSPICIOUS_MOVE = YES;
				CLANG_WARN_UNGUARDED_AVAILABILITY = YES_AGGRESSIVE;
				CLANG_WARN_UNREACHABLE_CODE = YES;
				CLANG_WARN__DUPLICATE_METHOD_MATCH = YES;
				COPY_PHASE_STRIP = NO;
				DEBUG_INFORMATION_FORMAT = "dwarf-with-dsym";
				ENABLE_NS_ASSERTIONS = NO;
				ENABLE_STRICT_OBJC_MSGSEND = YES;
				ENABLE_USER_SCRIPT_SANDBOXING = NO;
				GCC_C_LANGUAGE_STANDARD = gnu17;
				GCC_NO_COMMON_BLOCKS = YES;
				GCC_WARN_64_TO_32_BIT_CONVERSION = YES;
				GCC_WARN_ABOUT_RETURN_TYPE = YES_ERROR;
				GCC_WARN_UNDECLARED_SELECTOR = YES;
				GCC_WARN_UNINITIALIZED_AUTOS = YES_AGGRESSIVE;
				GCC_WARN_UNUSED_FUNCTION = YES;
				GCC_WARN_UNUSED_VARIABLE = YES;
				IPHONEOS_DEPLOYMENT_TARGET = 16.0;
				LOCALIZATION_PREFERS_STRING_CATALOGS = YES;
				MTL_ENABLE_DEBUG_INFO = NO;
				MTL_FAST_MATH = YES;
				SDKROOT = iphoneos;
				SWIFT_COMPILATION_MODE = wholemodule;
				VALIDATE_PRODUCT = YES;
			};
			name = Release;
		};
		AD1F9DC42BA16DF5005DD9D6 /* Debug */ = {
			isa = XCBuildConfiguration;
			baseConfigurationReference = 60C210DE43DC26A3C1A170CB /* Pods-project.debug.xcconfig */;
			buildSettings = {
				ASSETCATALOG_COMPILER_APPICON_NAME = AppIcon;
				ASSETCATALOG_COMPILER_GLOBAL_ACCENT_COLOR_NAME = AccentColor;
				ASSETCATALOG_COMPILER_INCLUDE_ALL_APPICON_ASSETS = NO;
				CODE_SIGN_ENTITLEMENTS = project/project.entitlements;
				CODE_SIGN_STYLE = Automatic;
				CURRENT_PROJECT_VERSION = 1;
				DEVELOPMENT_ASSET_PATHS = "\"project/Preview Content\"";
				DEVELOPMENT_TEAM = 63K349422G;
				ENABLE_PREVIEWS = YES;
				GENERATE_INFOPLIST_FILE = YES;
				INFOPLIST_FILE = project/Info.plist;
				INFOPLIST_KEY_NSLocationAlwaysAndWhenInUseUsageDescription = "앱의 기능을 위해 사용자의 현위치 정보를 수집합니다.";
				INFOPLIST_KEY_NSLocationAlwaysUsageDescription = "앱의 기능을 위해 사용자의 현위치 정보를 수집합니다.";
				INFOPLIST_KEY_NSLocationWhenInUseUsageDescription = "앱의 기능을 위해 사용자의 현위치 정보를 수집합니다.";
				INFOPLIST_KEY_UIApplicationSceneManifest_Generation = YES;
				INFOPLIST_KEY_UIApplicationSupportsIndirectInputEvents = YES;
				INFOPLIST_KEY_UILaunchStoryboardName = LaunchScreen.storyboard;
				INFOPLIST_KEY_UISupportedInterfaceOrientations_iPad = "UIInterfaceOrientationPortrait UIInterfaceOrientationPortraitUpsideDown UIInterfaceOrientationLandscapeLeft UIInterfaceOrientationLandscapeRight";
				INFOPLIST_KEY_UISupportedInterfaceOrientations_iPhone = "UIInterfaceOrientationPortrait UIInterfaceOrientationLandscapeLeft UIInterfaceOrientationLandscapeRight";
				IPHONEOS_DEPLOYMENT_TARGET = 17.0;
				LD_RUNPATH_SEARCH_PATHS = (
					"$(inherited)",
					"@executable_path/Frameworks",
				);
				MARKETING_VERSION = 1.0;
				PRODUCT_BUNDLE_IDENTIFIER = com.anyong.project;
				PRODUCT_NAME = "$(TARGET_NAME)";
				SWIFT_EMIT_LOC_STRINGS = YES;
				SWIFT_VERSION = 5.0;
				TARGETED_DEVICE_FAMILY = "1,2";
			};
			name = Debug;
		};
		AD1F9DC52BA16DF5005DD9D6 /* Release */ = {
			isa = XCBuildConfiguration;
			baseConfigurationReference = E1296C2E35D01F6629BD4098 /* Pods-project.release.xcconfig */;
			buildSettings = {
				ASSETCATALOG_COMPILER_APPICON_NAME = AppIcon;
				ASSETCATALOG_COMPILER_GLOBAL_ACCENT_COLOR_NAME = AccentColor;
				ASSETCATALOG_COMPILER_INCLUDE_ALL_APPICON_ASSETS = NO;
				CODE_SIGN_ENTITLEMENTS = project/project.entitlements;
				CODE_SIGN_STYLE = Automatic;
				CURRENT_PROJECT_VERSION = 1;
				DEVELOPMENT_ASSET_PATHS = "\"project/Preview Content\"";
				DEVELOPMENT_TEAM = 63K349422G;
				ENABLE_PREVIEWS = YES;
				GENERATE_INFOPLIST_FILE = YES;
				INFOPLIST_FILE = project/Info.plist;
				INFOPLIST_KEY_NSLocationAlwaysAndWhenInUseUsageDescription = "앱의 기능을 위해 사용자의 현위치 정보를 수집합니다.";
				INFOPLIST_KEY_NSLocationAlwaysUsageDescription = "앱의 기능을 위해 사용자의 현위치 정보를 수집합니다.";
				INFOPLIST_KEY_NSLocationWhenInUseUsageDescription = "앱의 기능을 위해 사용자의 현위치 정보를 수집합니다.";
				INFOPLIST_KEY_UIApplicationSceneManifest_Generation = YES;
				INFOPLIST_KEY_UIApplicationSupportsIndirectInputEvents = YES;
				INFOPLIST_KEY_UILaunchStoryboardName = LaunchScreen.storyboard;
				INFOPLIST_KEY_UISupportedInterfaceOrientations_iPad = "UIInterfaceOrientationPortrait UIInterfaceOrientationPortraitUpsideDown UIInterfaceOrientationLandscapeLeft UIInterfaceOrientationLandscapeRight";
				INFOPLIST_KEY_UISupportedInterfaceOrientations_iPhone = "UIInterfaceOrientationPortrait UIInterfaceOrientationLandscapeLeft UIInterfaceOrientationLandscapeRight";
				IPHONEOS_DEPLOYMENT_TARGET = 17.0;
				LD_RUNPATH_SEARCH_PATHS = (
					"$(inherited)",
					"@executable_path/Frameworks",
				);
				MARKETING_VERSION = 1.0;
				PRODUCT_BUNDLE_IDENTIFIER = com.anyong.project;
				PRODUCT_NAME = "$(TARGET_NAME)";
				SWIFT_EMIT_LOC_STRINGS = YES;
				SWIFT_VERSION = 5.0;
				TARGETED_DEVICE_FAMILY = "1,2";
			};
			name = Release;
		};
		AD1F9DC72BA16DF5005DD9D6 /* Debug */ = {
			isa = XCBuildConfiguration;
			baseConfigurationReference = 3DFDC0097F0F17E577EA5336 /* Pods-projectTests.debug.xcconfig */;
			buildSettings = {
				ALWAYS_EMBED_SWIFT_STANDARD_LIBRARIES = YES;
				BUNDLE_LOADER = "$(TEST_HOST)";
				CODE_SIGN_STYLE = Automatic;
				CURRENT_PROJECT_VERSION = 1;
				DEVELOPMENT_TEAM = 63K349422G;
				GENERATE_INFOPLIST_FILE = YES;
				IPHONEOS_DEPLOYMENT_TARGET = 17.0;
				MARKETING_VERSION = 1.0;
				PRODUCT_BUNDLE_IDENTIFIER = anyong.projectTests;
				PRODUCT_NAME = "$(TARGET_NAME)";
				SWIFT_EMIT_LOC_STRINGS = NO;
				SWIFT_VERSION = 5.0;
				TARGETED_DEVICE_FAMILY = "1,2";
				TEST_HOST = "$(BUILT_PRODUCTS_DIR)/project.app/$(BUNDLE_EXECUTABLE_FOLDER_PATH)/project";
			};
			name = Debug;
		};
		AD1F9DC82BA16DF5005DD9D6 /* Release */ = {
			isa = XCBuildConfiguration;
			baseConfigurationReference = 2E56EE11A7EA332D1EAFB4C4 /* Pods-projectTests.release.xcconfig */;
			buildSettings = {
				ALWAYS_EMBED_SWIFT_STANDARD_LIBRARIES = YES;
				BUNDLE_LOADER = "$(TEST_HOST)";
				CODE_SIGN_STYLE = Automatic;
				CURRENT_PROJECT_VERSION = 1;
				DEVELOPMENT_TEAM = 63K349422G;
				GENERATE_INFOPLIST_FILE = YES;
				IPHONEOS_DEPLOYMENT_TARGET = 17.0;
				MARKETING_VERSION = 1.0;
				PRODUCT_BUNDLE_IDENTIFIER = anyong.projectTests;
				PRODUCT_NAME = "$(TARGET_NAME)";
				SWIFT_EMIT_LOC_STRINGS = NO;
				SWIFT_VERSION = 5.0;
				TARGETED_DEVICE_FAMILY = "1,2";
				TEST_HOST = "$(BUILT_PRODUCTS_DIR)/project.app/$(BUNDLE_EXECUTABLE_FOLDER_PATH)/project";
			};
			name = Release;
		};
		AD1F9DCA2BA16DF5005DD9D6 /* Debug */ = {
			isa = XCBuildConfiguration;
			baseConfigurationReference = 64902609864D69EE7EE65D53 /* Pods-project-projectUITests.debug.xcconfig */;
			buildSettings = {
				ALWAYS_EMBED_SWIFT_STANDARD_LIBRARIES = YES;
				CODE_SIGN_STYLE = Automatic;
				CURRENT_PROJECT_VERSION = 1;
				DEVELOPMENT_TEAM = 63K349422G;
				GENERATE_INFOPLIST_FILE = YES;
				MARKETING_VERSION = 1.0;
				PRODUCT_BUNDLE_IDENTIFIER = anyong.projectUITests;
				PRODUCT_NAME = "$(TARGET_NAME)";
				SWIFT_EMIT_LOC_STRINGS = NO;
				SWIFT_VERSION = 5.0;
				TARGETED_DEVICE_FAMILY = "1,2";
				TEST_TARGET_NAME = project;
			};
			name = Debug;
		};
		AD1F9DCB2BA16DF5005DD9D6 /* Release */ = {
			isa = XCBuildConfiguration;
			baseConfigurationReference = 294D1F54DC08D6F1E6131486 /* Pods-project-projectUITests.release.xcconfig */;
			buildSettings = {
				ALWAYS_EMBED_SWIFT_STANDARD_LIBRARIES = YES;
				CODE_SIGN_STYLE = Automatic;
				CURRENT_PROJECT_VERSION = 1;
				DEVELOPMENT_TEAM = 63K349422G;
				GENERATE_INFOPLIST_FILE = YES;
				MARKETING_VERSION = 1.0;
				PRODUCT_BUNDLE_IDENTIFIER = anyong.projectUITests;
				PRODUCT_NAME = "$(TARGET_NAME)";
				SWIFT_EMIT_LOC_STRINGS = NO;
				SWIFT_VERSION = 5.0;
				TARGETED_DEVICE_FAMILY = "1,2";
				TEST_TARGET_NAME = project;
			};
			name = Release;
		};
/* End XCBuildConfiguration section */

/* Begin XCConfigurationList section */
		AD1F9D9A2BA16DF4005DD9D6 /* Build configuration list for PBXProject "project" */ = {
			isa = XCConfigurationList;
			buildConfigurations = (
				AD1F9DC12BA16DF5005DD9D6 /* Debug */,
				AD1F9DC22BA16DF5005DD9D6 /* Release */,
			);
			defaultConfigurationIsVisible = 0;
			defaultConfigurationName = Release;
		};
		AD1F9DC32BA16DF5005DD9D6 /* Build configuration list for PBXNativeTarget "project" */ = {
			isa = XCConfigurationList;
			buildConfigurations = (
				AD1F9DC42BA16DF5005DD9D6 /* Debug */,
				AD1F9DC52BA16DF5005DD9D6 /* Release */,
			);
			defaultConfigurationIsVisible = 0;
			defaultConfigurationName = Release;
		};
		AD1F9DC62BA16DF5005DD9D6 /* Build configuration list for PBXNativeTarget "projectTests" */ = {
			isa = XCConfigurationList;
			buildConfigurations = (
				AD1F9DC72BA16DF5005DD9D6 /* Debug */,
				AD1F9DC82BA16DF5005DD9D6 /* Release */,
			);
			defaultConfigurationIsVisible = 0;
			defaultConfigurationName = Release;
		};
		AD1F9DC92BA16DF5005DD9D6 /* Build configuration list for PBXNativeTarget "projectUITests" */ = {
			isa = XCConfigurationList;
			buildConfigurations = (
				AD1F9DCA2BA16DF5005DD9D6 /* Debug */,
				AD1F9DCB2BA16DF5005DD9D6 /* Release */,
			);
			defaultConfigurationIsVisible = 0;
			defaultConfigurationName = Release;
		};
/* End XCConfigurationList section */

/* Begin XCRemoteSwiftPackageReference section */
		ADAA62D02BC41AC100CD0338 /* XCRemoteSwiftPackageReference "firebase-ios-sdk" */ = {
			isa = XCRemoteSwiftPackageReference;
			repositoryURL = "https://github.com/firebase/firebase-ios-sdk";
			requirement = {
				kind = upToNextMajorVersion;
				minimumVersion = 10.23.1;
			};
		};
/* End XCRemoteSwiftPackageReference section */

/* Begin XCSwiftPackageProductDependency section */
		ADAA62D12BC41AC100CD0338 /* FirebaseAnalytics */ = {
			isa = XCSwiftPackageProductDependency;
			package = ADAA62D02BC41AC100CD0338 /* XCRemoteSwiftPackageReference "firebase-ios-sdk" */;
			productName = FirebaseAnalytics;
		};
		ADAA62D32BC41D4900CD0338 /* FirebaseMessaging */ = {
			isa = XCSwiftPackageProductDependency;
			package = ADAA62D02BC41AC100CD0338 /* XCRemoteSwiftPackageReference "firebase-ios-sdk" */;
			productName = FirebaseMessaging;
		};
/* End XCSwiftPackageProductDependency section */
	};
	rootObject = AD1F9D972BA16DF4005DD9D6 /* Project object */;
}
