// !$*UTF8*$!
{
	archiveVersion = 1;
	classes = {
	};
	objectVersion = 56;
	objects = {

/* Begin PBXBuildFile section */
		82D0D741DBA891D42B115AE5 /* Pods_project_projectUITests.framework in Frameworks */ = {isa = PBXBuildFile; fileRef = 985B43E0F89C930438631A6C /* Pods_project_projectUITests.framework */; };
		AD03A46A2BBE39FF00F2DB47 /* UserService.swift in Sources */ = {isa = PBXBuildFile; fileRef = AD03A4692BBE39FF00F2DB47 /* UserService.swift */; };
		AD03A46C2BBE937200F2DB47 /* MainViewModel.swift in Sources */ = {isa = PBXBuildFile; fileRef = AD03A46B2BBE937200F2DB47 /* MainViewModel.swift */; };
		AD0F52552BB41CAD00A9723A /* MapView.swift in Sources */ = {isa = PBXBuildFile; fileRef = AD0F52542BB41CAD00A9723A /* MapView.swift */; };
		AD1F9DA32BA16DF4005DD9D6 /* projectApp.swift in Sources */ = {isa = PBXBuildFile; fileRef = AD1F9DA22BA16DF4005DD9D6 /* projectApp.swift */; };
		AD1F9DA52BA16DF4005DD9D6 /* AuthenticationView.swift in Sources */ = {isa = PBXBuildFile; fileRef = AD1F9DA42BA16DF4005DD9D6 /* AuthenticationView.swift */; };
		AD1F9DA72BA16DF5005DD9D6 /* Assets.xcassets in Resources */ = {isa = PBXBuildFile; fileRef = AD1F9DA62BA16DF5005DD9D6 /* Assets.xcassets */; };
		AD1F9DAA2BA16DF5005DD9D6 /* Preview Assets.xcassets in Resources */ = {isa = PBXBuildFile; fileRef = AD1F9DA92BA16DF5005DD9D6 /* Preview Assets.xcassets */; };
		AD1F9DB42BA16DF5005DD9D6 /* projectTests.swift in Sources */ = {isa = PBXBuildFile; fileRef = AD1F9DB32BA16DF5005DD9D6 /* projectTests.swift */; };
		AD1F9DBE2BA16DF5005DD9D6 /* projectUITests.swift in Sources */ = {isa = PBXBuildFile; fileRef = AD1F9DBD2BA16DF5005DD9D6 /* projectUITests.swift */; };
		AD1F9DC02BA16DF5005DD9D6 /* projectUITestsLaunchTests.swift in Sources */ = {isa = PBXBuildFile; fileRef = AD1F9DBF2BA16DF5005DD9D6 /* projectUITestsLaunchTests.swift */; };
		AD5C648A2BB5962D006A7415 /* KeychainManager.swift in Sources */ = {isa = PBXBuildFile; fileRef = AD5C64892BB5962D006A7415 /* KeychainManager.swift */; };
		AD5E48992BB7F4170035329E /* PathModel.swift in Sources */ = {isa = PBXBuildFile; fileRef = AD5E48982BB7F4170035329E /* PathModel.swift */; };
		AD5E489C2BB7F45D0035329E /* PathType.swift in Sources */ = {isa = PBXBuildFile; fileRef = AD5E489B2BB7F45D0035329E /* PathType.swift */; };
		AD5E48A32BB7FF7C0035329E /* AppDelegate.swift in Sources */ = {isa = PBXBuildFile; fileRef = AD5E48A22BB7FF7C0035329E /* AppDelegate.swift */; };
		AD6572232BB96CA700557ED6 /* SettingView.swift in Sources */ = {isa = PBXBuildFile; fileRef = AD6572222BB96CA600557ED6 /* SettingView.swift */; };
		AD6572262BB974C200557ED6 /* MainView.swift in Sources */ = {isa = PBXBuildFile; fileRef = AD6572252BB974C200557ED6 /* MainView.swift */; };
		AD6572282BB976E200557ED6 /* CustomIcon.swift in Sources */ = {isa = PBXBuildFile; fileRef = AD6572272BB976E200557ED6 /* CustomIcon.swift */; };
		AD9DC8042BAAF644006D422F /* LoginView.swift in Sources */ = {isa = PBXBuildFile; fileRef = AD9DC8032BAAF644006D422F /* LoginView.swift */; };
		AD9ED1102BA91E38005F89D1 /* ServiceError.swift in Sources */ = {isa = PBXBuildFile; fileRef = AD9ED10F2BA91E38005F89D1 /* ServiceError.swift */; };
		AD9ED12E2BA9B1B3005F89D1 /* NetworkManager.swift in Sources */ = {isa = PBXBuildFile; fileRef = AD9ED12D2BA9B1B3005F89D1 /* NetworkManager.swift */; };
		AD9ED1322BA9BF7B005F89D1 /* UserObject.swift in Sources */ = {isa = PBXBuildFile; fileRef = AD9ED1312BA9BF7B005F89D1 /* UserObject.swift */; };
		ADAA62CD2BC3C34B00CD0338 /* SheetViewModel.swift in Sources */ = {isa = PBXBuildFile; fileRef = ADAA62CC2BC3C34B00CD0338 /* SheetViewModel.swift */; };
		ADAA62D22BC41AC100CD0338 /* FirebaseAnalytics in Frameworks */ = {isa = PBXBuildFile; productRef = ADAA62D12BC41AC100CD0338 /* FirebaseAnalytics */; };
		ADAA62D42BC41D4900CD0338 /* FirebaseMessaging in Frameworks */ = {isa = PBXBuildFile; productRef = ADAA62D32BC41D4900CD0338 /* FirebaseMessaging */; };
		ADAA62D62BC41ED900CD0338 /* GoogleService-Info.plist in Resources */ = {isa = PBXBuildFile; fileRef = ADAA62D52BC41ED900CD0338 /* GoogleService-Info.plist */; };
		ADC04B4F2BA862C700AD8A14 /* DIContainer.swift in Sources */ = {isa = PBXBuildFile; fileRef = ADC04B4E2BA862C700AD8A14 /* DIContainer.swift */; };
		ADC04B532BA8631E00AD8A14 /* Services.swift in Sources */ = {isa = PBXBuildFile; fileRef = ADC04B522BA8631E00AD8A14 /* Services.swift */; };
		ADC04B552BA8638F00AD8A14 /* AuthenticationService.swift in Sources */ = {isa = PBXBuildFile; fileRef = ADC04B542BA8638F00AD8A14 /* AuthenticationService.swift */; };
		ADC04B572BA8642800AD8A14 /* AuthenticationViewModel.swift in Sources */ = {isa = PBXBuildFile; fileRef = ADC04B562BA8642800AD8A14 /* AuthenticationViewModel.swift */; };
		ADC04B5B2BA8697500AD8A14 /* User.swift in Sources */ = {isa = PBXBuildFile; fileRef = ADC04B5A2BA8697500AD8A14 /* User.swift */; };
		ADC04B5E2BA872A800AD8A14 /* LaunchScreen.storyboard in Resources */ = {isa = PBXBuildFile; fileRef = ADC04B5D2BA872A800AD8A14 /* LaunchScreen.storyboard */; };
		ADC832A52BB0301D00BBCF4F /* AppleAuthToken.swift in Sources */ = {isa = PBXBuildFile; fileRef = ADC832A42BB0301D00BBCF4F /* AppleAuthToken.swift */; };
		ADDDF3A62BB2C81800923127 /* LoadingView.swift in Sources */ = {isa = PBXBuildFile; fileRef = ADDDF3A52BB2C81800923127 /* LoadingView.swift */; };
		ADDDF3C92BB2EC9400923127 /* Color.xcassets in Resources */ = {isa = PBXBuildFile; fileRef = ADDDF3C82BB2EC9400923127 /* Color.xcassets */; };
		ADE769542BB172F0004C9B43 /* ServerAuthResponse.swift in Sources */ = {isa = PBXBuildFile; fileRef = ADE769532BB172F0004C9B43 /* ServerAuthResponse.swift */; };
		ADF392072BB9A2F500E4FD78 /* SheetView.swift in Sources */ = {isa = PBXBuildFile; fileRef = ADF392062BB9A2F500E4FD78 /* SheetView.swift */; };
		ADFB9C582BAAA86200DA0C01 /* SHA256.swift in Sources */ = {isa = PBXBuildFile; fileRef = ADFB9C562BAAA86200DA0C01 /* SHA256.swift */; };
		C318CF187E30ED5B6002EAC3 /* Pods_projectTests.framework in Frameworks */ = {isa = PBXBuildFile; fileRef = 7319C6A88859E59BFC93EC21 /* Pods_projectTests.framework */; };
		F0F60788C4DD2BBCEDD362A5 /* Pods_project.framework in Frameworks */ = {isa = PBXBuildFile; fileRef = BACFE50A3FC667F520174EBC /* Pods_project.framework */; };
/* End PBXBuildFile section */

/* Begin PBXContainerItemProxy section */
		AD1F9DB02BA16DF5005DD9D6 /* PBXContainerItemProxy */ = {
			isa = PBXContainerItemProxy;
			containerPortal = AD1F9D972BA16DF4005DD9D6 /* Project object */;
			proxyType = 1;
			remoteGlobalIDString = AD1F9D9E2BA16DF4005DD9D6;
			remoteInfo = project;
		};
		AD1F9DBA2BA16DF5005DD9D6 /* PBXContainerItemProxy */ = {
			isa = PBXContainerItemProxy;
			containerPortal = AD1F9D972BA16DF4005DD9D6 /* Project object */;
			proxyType = 1;
			remoteGlobalIDString = AD1F9D9E2BA16DF4005DD9D6;
			remoteInfo = project;
		};
/* End PBXContainerItemProxy section */

/* Begin PBXFileReference section */
		294D1F54DC08D6F1E6131486 /* Pods-project-projectUITests.release.xcconfig */ = {isa = PBXFileReference; includeInIndex = 1; lastKnownFileType = text.xcconfig; name = "Pods-project-projectUITests.release.xcconfig"; path = "Target Support Files/Pods-project-projectUITests/Pods-project-projectUITests.release.xcconfig"; sourceTree = "<group>"; };
		2E56EE11A7EA332D1EAFB4C4 /* Pods-projectTests.release.xcconfig */ = {isa = PBXFileReference; includeInIndex = 1; lastKnownFileType = text.xcconfig; name = "Pods-projectTests.release.xcconfig"; path = "Target Support Files/Pods-projectTests/Pods-projectTests.release.xcconfig"; sourceTree = "<group>"; };
		3DFDC0097F0F17E577EA5336 /* Pods-projectTests.debug.xcconfig */ = {isa = PBXFileReference; includeInIndex = 1; lastKnownFileType = text.xcconfig; name = "Pods-projectTests.debug.xcconfig"; path = "Target Support Files/Pods-projectTests/Pods-projectTests.debug.xcconfig"; sourceTree = "<group>"; };
		60C210DE43DC26A3C1A170CB /* Pods-project.debug.xcconfig */ = {isa = PBXFileReference; includeInIndex = 1; lastKnownFileType = text.xcconfig; name = "Pods-project.debug.xcconfig"; path = "Target Support Files/Pods-project/Pods-project.debug.xcconfig"; sourceTree = "<group>"; };
		64902609864D69EE7EE65D53 /* Pods-project-projectUITests.debug.xcconfig */ = {isa = PBXFileReference; includeInIndex = 1; lastKnownFileType = text.xcconfig; name = "Pods-project-projectUITests.debug.xcconfig"; path = "Target Support Files/Pods-project-projectUITests/Pods-project-projectUITests.debug.xcconfig"; sourceTree = "<group>"; };
		7319C6A88859E59BFC93EC21 /* Pods_projectTests.framework */ = {isa = PBXFileReference; explicitFileType = wrapper.framework; includeInIndex = 0; path = Pods_projectTests.framework; sourceTree = BUILT_PRODUCTS_DIR; };
		985B43E0F89C930438631A6C /* Pods_project_projectUITests.framework */ = {isa = PBXFileReference; explicitFileType = wrapper.framework; includeInIndex = 0; path = Pods_project_projectUITests.framework; sourceTree = BUILT_PRODUCTS_DIR; };
		AD03A4692BBE39FF00F2DB47 /* UserService.swift */ = {isa = PBXFileReference; lastKnownFileType = sourcecode.swift; path = UserService.swift; sourceTree = "<group>"; };
		AD03A46B2BBE937200F2DB47 /* MainViewModel.swift */ = {isa = PBXFileReference; lastKnownFileType = sourcecode.swift; path = MainViewModel.swift; sourceTree = "<group>"; };
		AD0F52542BB41CAD00A9723A /* MapView.swift */ = {isa = PBXFileReference; lastKnownFileType = sourcecode.swift; path = MapView.swift; sourceTree = "<group>"; };
		AD1F9D9F2BA16DF4005DD9D6 /* project.app */ = {isa = PBXFileReference; explicitFileType = wrapper.application; includeInIndex = 0; path = project.app; sourceTree = BUILT_PRODUCTS_DIR; };
		AD1F9DA22BA16DF4005DD9D6 /* projectApp.swift */ = {isa = PBXFileReference; lastKnownFileType = sourcecode.swift; path = projectApp.swift; sourceTree = "<group>"; };
		AD1F9DA42BA16DF4005DD9D6 /* AuthenticationView.swift */ = {isa = PBXFileReference; lastKnownFileType = sourcecode.swift; path = AuthenticationView.swift; sourceTree = "<group>"; };
		AD1F9DA62BA16DF5005DD9D6 /* Assets.xcassets */ = {isa = PBXFileReference; lastKnownFileType = folder.assetcatalog; path = Assets.xcassets; sourceTree = "<group>"; };
		AD1F9DA92BA16DF5005DD9D6 /* Preview Assets.xcassets */ = {isa = PBXFileReference; lastKnownFileType = folder.assetcatalog; path = "Preview Assets.xcassets"; sourceTree = "<group>"; };
		AD1F9DAF2BA16DF5005DD9D6 /* projectTests.xctest */ = {isa = PBXFileReference; explicitFileType = wrapper.cfbundle; includeInIndex = 0; path = projectTests.xctest; sourceTree = BUILT_PRODUCTS_DIR; };
		AD1F9DB32BA16DF5005DD9D6 /* projectTests.swift */ = {isa = PBXFileReference; lastKnownFileType = sourcecode.swift; path = projectTests.swift; sourceTree = "<group>"; };
		AD1F9DB92BA16DF5005DD9D6 /* projectUITests.xctest */ = {isa = PBXFileReference; explicitFileType = wrapper.cfbundle; includeInIndex = 0; path = projectUITests.xctest; sourceTree = BUILT_PRODUCTS_DIR; };
		AD1F9DBD2BA16DF5005DD9D6 /* projectUITests.swift */ = {isa = PBXFileReference; lastKnownFileType = sourcecode.swift; path = projectUITests.swift; sourceTree = "<group>"; };
		AD1F9DBF2BA16DF5005DD9D6 /* projectUITestsLaunchTests.swift */ = {isa = PBXFileReference; lastKnownFileType = sourcecode.swift; path = projectUITestsLaunchTests.swift; sourceTree = "<group>"; };
		AD5C64892BB5962D006A7415 /* KeychainManager.swift */ = {isa = PBXFileReference; lastKnownFileType = sourcecode.swift; path = KeychainManager.swift; sourceTree = "<group>"; };
		AD5E48982BB7F4170035329E /* PathModel.swift */ = {isa = PBXFileReference; lastKnownFileType = sourcecode.swift; path = PathModel.swift; sourceTree = "<group>"; };
		AD5E489B2BB7F45D0035329E /* PathType.swift */ = {isa = PBXFileReference; lastKnownFileType = sourcecode.swift; path = PathType.swift; sourceTree = "<group>"; };
		AD5E48A22BB7FF7C0035329E /* AppDelegate.swift */ = {isa = PBXFileReference; lastKnownFileType = sourcecode.swift; path = AppDelegate.swift; sourceTree = "<group>"; };
		AD5E48A42BB807CB0035329E /* Config.xcconfig */ = {isa = PBXFileReference; lastKnownFileType = text.xcconfig; path = Config.xcconfig; sourceTree = "<group>"; };
		AD6572222BB96CA600557ED6 /* SettingView.swift */ = {isa = PBXFileReference; lastKnownFileType = sourcecode.swift; path = SettingView.swift; sourceTree = "<group>"; };
		AD6572252BB974C200557ED6 /* MainView.swift */ = {isa = PBXFileReference; lastKnownFileType = sourcecode.swift; path = MainView.swift; sourceTree = "<group>"; };
		AD6572272BB976E200557ED6 /* CustomIcon.swift */ = {isa = PBXFileReference; lastKnownFileType = sourcecode.swift; path = CustomIcon.swift; sourceTree = "<group>"; };
		AD9DC8032BAAF644006D422F /* LoginView.swift */ = {isa = PBXFileReference; lastKnownFileType = sourcecode.swift; path = LoginView.swift; sourceTree = "<group>"; };
		AD9ED10F2BA91E38005F89D1 /* ServiceError.swift */ = {isa = PBXFileReference; lastKnownFileType = sourcecode.swift; path = ServiceError.swift; sourceTree = "<group>"; };
		AD9ED12D2BA9B1B3005F89D1 /* NetworkManager.swift */ = {isa = PBXFileReference; lastKnownFileType = sourcecode.swift; path = NetworkManager.swift; sourceTree = "<group>"; };
		AD9ED12F2BA9BA61005F89D1 /* Info.plist */ = {isa = PBXFileReference; lastKnownFileType = text.plist.xml; path = Info.plist; sourceTree = "<group>"; };
		AD9ED1312BA9BF7B005F89D1 /* UserObject.swift */ = {isa = PBXFileReference; lastKnownFileType = sourcecode.swift; path = UserObject.swift; sourceTree = "<group>"; };
		ADAA62CC2BC3C34B00CD0338 /* SheetViewModel.swift */ = {isa = PBXFileReference; lastKnownFileType = sourcecode.swift; path = SheetViewModel.swift; sourceTree = "<group>"; };
		ADAA62D52BC41ED900CD0338 /* GoogleService-Info.plist */ = {isa = PBXFileReference; fileEncoding = 4; lastKnownFileType = text.plist.xml; path = "GoogleService-Info.plist"; sourceTree = "<group>"; };
		ADC04B4E2BA862C700AD8A14 /* DIContainer.swift */ = {isa = PBXFileReference; lastKnownFileType = sourcecode.swift; path = DIContainer.swift; sourceTree = "<group>"; };
		ADC04B522BA8631E00AD8A14 /* Services.swift */ = {isa = PBXFileReference; lastKnownFileType = sourcecode.swift; path = Services.swift; sourceTree = "<group>"; };
		ADC04B542BA8638F00AD8A14 /* AuthenticationService.swift */ = {isa = PBXFileReference; lastKnownFileType = sourcecode.swift; path = AuthenticationService.swift; sourceTree = "<group>"; };
		ADC04B562BA8642800AD8A14 /* AuthenticationViewModel.swift */ = {isa = PBXFileReference; lastKnownFileType = sourcecode.swift; path = AuthenticationViewModel.swift; sourceTree = "<group>"; };
		ADC04B582BA867A100AD8A14 /* project.entitlements */ = {isa = PBXFileReference; lastKnownFileType = text.plist.entitlements; path = project.entitlements; sourceTree = "<group>"; };
		ADC04B5A2BA8697500AD8A14 /* User.swift */ = {isa = PBXFileReference; lastKnownFileType = sourcecode.swift; path = User.swift; sourceTree = "<group>"; };
		ADC04B5D2BA872A800AD8A14 /* LaunchScreen.storyboard */ = {isa = PBXFileReference; lastKnownFileType = file.storyboard; path = LaunchScreen.storyboard; sourceTree = "<group>"; };
		ADC832A42BB0301D00BBCF4F /* AppleAuthToken.swift */ = {isa = PBXFileReference; lastKnownFileType = sourcecode.swift; path = AppleAuthToken.swift; sourceTree = "<group>"; };
		ADDDF3A52BB2C81800923127 /* LoadingView.swift */ = {isa = PBXFileReference; lastKnownFileType = sourcecode.swift; path = LoadingView.swift; sourceTree = "<group>"; };
		ADDDF3C82BB2EC9400923127 /* Color.xcassets */ = {isa = PBXFileReference; lastKnownFileType = folder.assetcatalog; path = Color.xcassets; sourceTree = "<group>"; };
		ADE769532BB172F0004C9B43 /* ServerAuthResponse.swift */ = {isa = PBXFileReference; lastKnownFileType = sourcecode.swift; path = ServerAuthResponse.swift; sourceTree = "<group>"; };
		ADF392062BB9A2F500E4FD78 /* SheetView.swift */ = {isa = PBXFileReference; lastKnownFileType = sourcecode.swift; path = SheetView.swift; sourceTree = "<group>"; };
		ADFB9C562BAAA86200DA0C01 /* SHA256.swift */ = {isa = PBXFileReference; fileEncoding = 4; lastKnownFileType = sourcecode.swift; path = SHA256.swift; sourceTree = "<group>"; };
		BACFE50A3FC667F520174EBC /* Pods_project.framework */ = {isa = PBXFileReference; explicitFileType = wrapper.framework; includeInIndex = 0; path = Pods_project.framework; sourceTree = BUILT_PRODUCTS_DIR; };
		E1296C2E35D01F6629BD4098 /* Pods-project.release.xcconfig */ = {isa = PBXFileReference; includeInIndex = 1; lastKnownFileType = text.xcconfig; name = "Pods-project.release.xcconfig"; path = "Target Support Files/Pods-project/Pods-project.release.xcconfig"; sourceTree = "<group>"; };
/* End PBXFileReference section */

/* Begin PBXFrameworksBuildPhase section */
		AD1F9D9C2BA16DF4005DD9D6 /* Frameworks */ = {
			isa = PBXFrameworksBuildPhase;
			buildActionMask = 2147483647;
			files = (
				ADAA62D42BC41D4900CD0338 /* FirebaseMessaging in Frameworks */,
				ADAA62D22BC41AC100CD0338 /* FirebaseAnalytics in Frameworks */,
				F0F60788C4DD2BBCEDD362A5 /* Pods_project.framework in Frameworks */,
			);
			runOnlyForDeploymentPostprocessing = 0;
		};
		AD1F9DAC2BA16DF5005DD9D6 /* Frameworks */ = {
			isa = PBXFrameworksBuildPhase;
			buildActionMask = 2147483647;
			files = (
				C318CF187E30ED5B6002EAC3 /* Pods_projectTests.framework in Frameworks */,
			);
			runOnlyForDeploymentPostprocessing = 0;
		};
		AD1F9DB62BA16DF5005DD9D6 /* Frameworks */ = {
			isa = PBXFrameworksBuildPhase;
			buildActionMask = 2147483647;
			files = (
				82D0D741DBA891D42B115AE5 /* Pods_project_projectUITests.framework in Frameworks */,
			);
			runOnlyForDeploymentPostprocessing = 0;
		};
/* End PBXFrameworksBuildPhase section */

/* Begin PBXGroup section */
		3BD693BB815398EB6E91EAC7 /* Pods */ = {
			isa = PBXGroup;
			children = (
				60C210DE43DC26A3C1A170CB /* Pods-project.debug.xcconfig */,
				E1296C2E35D01F6629BD4098 /* Pods-project.release.xcconfig */,
				64902609864D69EE7EE65D53 /* Pods-project-projectUITests.debug.xcconfig */,
				294D1F54DC08D6F1E6131486 /* Pods-project-projectUITests.release.xcconfig */,
				3DFDC0097F0F17E577EA5336 /* Pods-projectTests.debug.xcconfig */,
				2E56EE11A7EA332D1EAFB4C4 /* Pods-projectTests.release.xcconfig */,
			);
			path = Pods;
			sourceTree = "<group>";
		};
		6D545C830EA3B9461D2B1F9A /* Frameworks */ = {
			isa = PBXGroup;
			children = (
				BACFE50A3FC667F520174EBC /* Pods_project.framework */,
				985B43E0F89C930438631A6C /* Pods_project_projectUITests.framework */,
				7319C6A88859E59BFC93EC21 /* Pods_projectTests.framework */,
			);
			name = Frameworks;
			sourceTree = "<group>";
		};
		AD0F52532BB41CA000A9723A /* Map */ = {
			isa = PBXGroup;
			children = (
				AD0F52542BB41CAD00A9723A /* MapView.swift */,
			);
			path = Map;
			sourceTree = "<group>";
		};
		AD1E10EC2BA847F2002D85BF /* View */ = {
			isa = PBXGroup;
			children = (
				AD9DC8002BAAF603006D422F /* Authentication */,
				AD9DC8022BAAF629006D422F /* Login */,
				AD6572242BB9747700557ED6 /* Main */,
				AD0F52532BB41CA000A9723A /* Map */,
				AD6572212BB96C9300557ED6 /* Setting */,
				AD6572292BB97F1000557ED6 /* Sheet */,
			);
			path = View;
			sourceTree = "<group>";
		};
		AD1F9D962BA16DF4005DD9D6 = {
			isa = PBXGroup;
			children = (
				AD5E48A42BB807CB0035329E /* Config.xcconfig */,
				AD1F9DA12BA16DF4005DD9D6 /* project */,
				AD1F9DB22BA16DF5005DD9D6 /* projectTests */,
				AD1F9DBC2BA16DF5005DD9D6 /* projectUITests */,
				AD1F9DA02BA16DF4005DD9D6 /* Products */,
				3BD693BB815398EB6E91EAC7 /* Pods */,
				6D545C830EA3B9461D2B1F9A /* Frameworks */,
			);
			sourceTree = "<group>";
		};
		AD1F9DA02BA16DF4005DD9D6 /* Products */ = {
			isa = PBXGroup;
			children = (
				AD1F9D9F2BA16DF4005DD9D6 /* project.app */,
				AD1F9DAF2BA16DF5005DD9D6 /* projectTests.xctest */,
				AD1F9DB92BA16DF5005DD9D6 /* projectUITests.xctest */,
			);
			name = Products;
			sourceTree = "<group>";
		};
		AD1F9DA12BA16DF4005DD9D6 /* project */ = {
			isa = PBXGroup;
			children = (
				ADAA62D52BC41ED900CD0338 /* GoogleService-Info.plist */,
				ADC04B582BA867A100AD8A14 /* project.entitlements */,
				AD9ED12F2BA9BA61005F89D1 /* Info.plist */,
				AD5E489E2BB7FE730035329E /* App */,
				ADC04B4D2BA862B300AD8A14 /* General */,
				AD1E10EC2BA847F2002D85BF /* View */,
				ADC04B592BA8696500AD8A14 /* Model */,
				ADC04B512BA862FD00AD8A14 /* Service */,
				AD5C64882BB595EA006A7415 /* Keychain */,
				AD9ED1112BA97634005F89D1 /* Network */,
				ADFB9C552BAAA84100DA0C01 /* Util */,
				ADC04B5C2BA8727700AD8A14 /* Resource */,
				AD1F9DA82BA16DF5005DD9D6 /* Preview Content */,
			);
			path = project;
			sourceTree = "<group>";
		};
		AD1F9DA82BA16DF5005DD9D6 /* Preview Content */ = {
			isa = PBXGroup;
			children = (
				AD1F9DA92BA16DF5005DD9D6 /* Preview Assets.xcassets */,
			);
			path = "Preview Content";
			sourceTree = "<group>";
		};
		AD1F9DB22BA16DF5005DD9D6 /* projectTests */ = {
			isa = PBXGroup;
			children = (
				AD1F9DB32BA16DF5005DD9D6 /* projectTests.swift */,
			);
			path = projectTests;
			sourceTree = "<group>";
		};
		AD1F9DBC2BA16DF5005DD9D6 /* projectUITests */ = {
			isa = PBXGroup;
			children = (
				AD1F9DBD2BA16DF5005DD9D6 /* projectUITests.swift */,
				AD1F9DBF2BA16DF5005DD9D6 /* projectUITestsLaunchTests.swift */,
			);
			path = projectUITests;
			sourceTree = "<group>";
		};
		AD5C64882BB595EA006A7415 /* Keychain */ = {
			isa = PBXGroup;
			children = (
				AD5C64892BB5962D006A7415 /* KeychainManager.swift */,
			);
			path = Keychain;
			sourceTree = "<group>";
		};
		AD5E489A2BB7F4470035329E /* Path */ = {
			isa = PBXGroup;
			children = (
				AD5E48982BB7F4170035329E /* PathModel.swift */,
				AD5E489B2BB7F45D0035329E /* PathType.swift */,
			);
			path = Path;
			sourceTree = "<group>";
		};
		AD5E489E2BB7FE730035329E /* App */ = {
			isa = PBXGroup;
			children = (
				AD1F9DA22BA16DF4005DD9D6 /* projectApp.swift */,
				AD5E48A22BB7FF7C0035329E /* AppDelegate.swift */,
			);
			path = App;
			sourceTree = "<group>";
		};
		AD6572212BB96C9300557ED6 /* Setting */ = {
			isa = PBXGroup;
			children = (
				AD6572222BB96CA600557ED6 /* SettingView.swift */,
			);
			path = Setting;
			sourceTree = "<group>";
		};
		AD6572242BB9747700557ED6 /* Main */ = {
			isa = PBXGroup;
			children = (
				AD6572252BB974C200557ED6 /* MainView.swift */,
				AD03A46B2BBE937200F2DB47 /* MainViewModel.swift */,
			);
			path = Main;
			sourceTree = "<group>";
		};
		AD6572292BB97F1000557ED6 /* Sheet */ = {
			isa = PBXGroup;
			children = (
				ADF392062BB9A2F500E4FD78 /* SheetView.swift */,
				ADAA62CC2BC3C34B00CD0338 /* SheetViewModel.swift */,
			);
			path = Sheet;
			sourceTree = "<group>";
		};
		AD9DC8002BAAF603006D422F /* Authentication */ = {
			isa = PBXGroup;
			children = (
				AD1F9DA42BA16DF4005DD9D6 /* AuthenticationView.swift */,
				ADC04B562BA8642800AD8A14 /* AuthenticationViewModel.swift */,
			);
			path = Authentication;
			sourceTree = "<group>";
		};
		AD9DC8022BAAF629006D422F /* Login */ = {
			isa = PBXGroup;
			children = (
				AD9DC8032BAAF644006D422F /* LoginView.swift */,
			);
			path = Login;
			sourceTree = "<group>";
		};
		AD9ED1112BA97634005F89D1 /* Network */ = {
			isa = PBXGroup;
			children = (
				AD9ED12D2BA9B1B3005F89D1 /* NetworkManager.swift */,
				AD9ED1302BA9BF6D005F89D1 /* DTO */,
			);
			path = Network;
			sourceTree = "<group>";
		};
		AD9ED1302BA9BF6D005F89D1 /* DTO */ = {
			isa = PBXGroup;
			children = (
				AD9ED1312BA9BF7B005F89D1 /* UserObject.swift */,
				ADC832A42BB0301D00BBCF4F /* AppleAuthToken.swift */,
				ADE769532BB172F0004C9B43 /* ServerAuthResponse.swift */,
			);
			path = DTO;
			sourceTree = "<group>";
		};
		ADC04B4D2BA862B300AD8A14 /* General */ = {
			isa = PBXGroup;
			children = (
				ADDDF3A42BB2C7C800923127 /* View */,
				ADC04B4E2BA862C700AD8A14 /* DIContainer.swift */,
			);
			path = General;
			sourceTree = "<group>";
		};
		ADC04B512BA862FD00AD8A14 /* Service */ = {
			isa = PBXGroup;
			children = (
				ADC04B522BA8631E00AD8A14 /* Services.swift */,
				ADC04B542BA8638F00AD8A14 /* AuthenticationService.swift */,
				AD03A4692BBE39FF00F2DB47 /* UserService.swift */,
				AD9ED10F2BA91E38005F89D1 /* ServiceError.swift */,
			);
			path = Service;
			sourceTree = "<group>";
		};
		ADC04B592BA8696500AD8A14 /* Model */ = {
			isa = PBXGroup;
			children = (
				AD5E489A2BB7F4470035329E /* Path */,
				ADC04B5A2BA8697500AD8A14 /* User.swift */,
			);
			path = Model;
			sourceTree = "<group>";
		};
		ADC04B5C2BA8727700AD8A14 /* Resource */ = {
			isa = PBXGroup;
			children = (
				AD1F9DA62BA16DF5005DD9D6 /* Assets.xcassets */,
				ADC04B5D2BA872A800AD8A14 /* LaunchScreen.storyboard */,
				ADDDF3C82BB2EC9400923127 /* Color.xcassets */,
			);
			path = Resource;
			sourceTree = "<group>";
		};
		ADDDF3A42BB2C7C800923127 /* View */ = {
			isa = PBXGroup;
			children = (
				ADDDF3A52BB2C81800923127 /* LoadingView.swift */,
				AD6572272BB976E200557ED6 /* CustomIcon.swift */,
			);
			path = View;
			sourceTree = "<group>";
		};
		ADFB9C552BAAA84100DA0C01 /* Util */ = {
			isa = PBXGroup;
			children = (
				ADFB9C562BAAA86200DA0C01 /* SHA256.swift */,
			);
			path = Util;
			sourceTree = "<group>";
		};
/* End PBXGroup section */

/* Begin PBXNativeTarget section */
		AD1F9D9E2BA16DF4005DD9D6 /* project */ = {
			isa = PBXNativeTarget;
			buildConfigurationList = AD1F9DC32BA16DF5005DD9D6 /* Build configuration list for PBXNativeTarget "project" */;
			buildPhases = (
				92E180A2CE805935DA725DBD /* [CP] Check Pods Manifest.lock */,
				AD1F9D9B2BA16DF4005DD9D6 /* Sources */,
				AD1F9D9C2BA16DF4005DD9D6 /* Frameworks */,
				AD1F9D9D2BA16DF4005DD9D6 /* Resources */,
				F202794E3BF326B8475A888F /* [CP] Embed Pods Frameworks */,
			);
			buildRules = (
			);
			dependencies = (
			);
			name = project;
			packageProductDependencies = (
				ADAA62D12BC41AC100CD0338 /* FirebaseAnalytics */,
				ADAA62D32BC41D4900CD0338 /* FirebaseMessaging */,
			);
			productName = project;
			productReference = AD1F9D9F2BA16DF4005DD9D6 /* project.app */;
			productType = "com.apple.product-type.application";
		};
		AD1F9DAE2BA16DF5005DD9D6 /* projectTests */ = {
			isa = PBXNativeTarget;
			buildConfigurationList = AD1F9DC62BA16DF5005DD9D6 /* Build configuration list for PBXNativeTarget "projectTests" */;
			buildPhases = (
				CCA762CE8A7ABF07A1B5D157 /* [CP] Check Pods Manifest.lock */,
				AD1F9DAB2BA16DF5005DD9D6 /* Sources */,
				AD1F9DAC2BA16DF5005DD9D6 /* Frameworks */,
				AD1F9DAD2BA16DF5005DD9D6 /* Resources */,
			);
			buildRules = (
			);
			dependencies = (
				AD1F9DB12BA16DF5005DD9D6 /* PBXTargetDependency */,
			);
			name = projectTests;
			productName = projectTests;
			productReference = AD1F9DAF2BA16DF5005DD9D6 /* projectTests.xctest */;
			productType = "com.apple.product-type.bundle.unit-test";
		};
		AD1F9DB82BA16DF5005DD9D6 /* projectUITests */ = {
			isa = PBXNativeTarget;
			buildConfigurationList = AD1F9DC92BA16DF5005DD9D6 /* Build configuration list for PBXNativeTarget "projectUITests" */;
			buildPhases = (
				A8A12E8B350CDEE22086AF6F /* [CP] Check Pods Manifest.lock */,
				AD1F9DB52BA16DF5005DD9D6 /* Sources */,
				AD1F9DB62BA16DF5005DD9D6 /* Frameworks */,
				AD1F9DB72BA16DF5005DD9D6 /* Resources */,
				FAC3505DCBE336146B70FA33 /* [CP] Embed Pods Frameworks */,
			);
			buildRules = (
			);
			dependencies = (
				AD1F9DBB2BA16DF5005DD9D6 /* PBXTargetDependency */,
			);
			name = projectUITests;
			productName = projectUITests;
			productReference = AD1F9DB92BA16DF5005DD9D6 /* projectUITests.xctest */;
			productType = "com.apple.product-type.bundle.ui-testing";
		};
/* End PBXNativeTarget section */

/* Begin PBXProject section */
		AD1F9D972BA16DF4005DD9D6 /* Project object */ = {
			isa = PBXProject;
			attributes = {
				BuildIndependentTargetsInParallel = 1;
				LastSwiftUpdateCheck = 1500;
				LastUpgradeCheck = 1500;
				TargetAttributes = {
					AD1F9D9E2BA16DF4005DD9D6 = {
						CreatedOnToolsVersion = 15.0.1;
					};
					AD1F9DAE2BA16DF5005DD9D6 = {
						CreatedOnToolsVersion = 15.0.1;
						TestTargetID = AD1F9D9E2BA16DF4005DD9D6;
					};
					AD1F9DB82BA16DF5005DD9D6 = {
						CreatedOnToolsVersion = 15.0.1;
						TestTargetID = AD1F9D9E2BA16DF4005DD9D6;
					};
				};
			};
			buildConfigurationList = AD1F9D9A2BA16DF4005DD9D6 /* Build configuration list for PBXProject "project" */;
			compatibilityVersion = "Xcode 14.0";
			developmentRegion = ko;
			hasScannedForEncodings = 0;
			knownRegions = (
				en,
				Base,
				ko,
			);
			mainGroup = AD1F9D962BA16DF4005DD9D6;
			packageReferences = (
				ADAA62D02BC41AC100CD0338 /* XCRemoteSwiftPackageReference "firebase-ios-sdk" */,
			);
			productRefGroup = AD1F9DA02BA16DF4005DD9D6 /* Products */;
			projectDirPath = "";
			projectRoot = "";
			targets = (
				AD1F9D9E2BA16DF4005DD9D6 /* project */,
				AD1F9DAE2BA16DF5005DD9D6 /* projectTests */,
				AD1F9DB82BA16DF5005DD9D6 /* projectUITests */,
			);
		};
/* End PBXProject section */

/* Begin PBXResourcesBuildPhase section */
		AD1F9D9D2BA16DF4005DD9D6 /* Resources */ = {
			isa = PBXResourcesBuildPhase;
			buildActionMask = 2147483647;
			files = (
				ADAA62D62BC41ED900CD0338 /* GoogleService-Info.plist in Resources */,
				ADC04B5E2BA872A800AD8A14 /* LaunchScreen.storyboard in Resources */,
				ADDDF3C92BB2EC9400923127 /* Color.xcassets in Resources */,
				AD1F9DAA2BA16DF5005DD9D6 /* Preview Assets.xcassets in Resources */,
				AD1F9DA72BA16DF5005DD9D6 /* Assets.xcassets in Resources */,
			);
			runOnlyForDeploymentPostprocessing = 0;
		};
		AD1F9DAD2BA16DF5005DD9D6 /* Resources */ = {
			isa = PBXResourcesBuildPhase;
			buildActionMask = 2147483647;
			files = (
			);
			runOnlyForDeploymentPostprocessing = 0;
		};
		AD1F9DB72BA16DF5005DD9D6 /* Resources */ = {
			isa = PBXResourcesBuildPhase;
			buildActionMask = 2147483647;
			files = (
			);
			runOnlyForDeploymentPostprocessing = 0;
		};
/* End PBXResourcesBuildPhase section */

/* Begin PBXShellScriptBuildPhase section */
		92E180A2CE805935DA725DBD /* [CP] Check Pods Manifest.lock */ = {
			isa = PBXShellScriptBuildPhase;
			buildActionMask = 2147483647;
			files = (
			);
			inputFileListPaths = (
			);
			inputPaths = (
				"${PODS_PODFILE_DIR_PATH}/Podfile.lock",
				"${PODS_ROOT}/Manifest.lock",
			);
			name = "[CP] Check Pods Manifest.lock";
			outputFileListPaths = (
			);
			outputPaths = (
				"$(DERIVED_FILE_DIR)/Pods-project-checkManifestLockResult.txt",
			);
			runOnlyForDeploymentPostprocessing = 0;
			shellPath = /bin/sh;
			shellScript = "diff \"${PODS_PODFILE_DIR_PATH}/Podfile.lock\" \"${PODS_ROOT}/Manifest.lock\" > /dev/null\nif [ $? != 0 ] ; then\n    # print error to STDERR\n    echo \"error: The sandbox is not in sync with the Podfile.lock. Run 'pod install' or update your CocoaPods installation.\" >&2\n    exit 1\nfi\n# This output is used by Xcode 'outputs' to avoid re-running this script phase.\necho \"SUCCESS\" > \"${SCRIPT_OUTPUT_FILE_0}\"\n";
			showEnvVarsInLog = 0;
		};
		A8A12E8B350CDEE22086AF6F /* [CP] Check Pods Manifest.lock */ = {
			isa = PBXShellScriptBuildPhase;
			buildActionMask = 2147483647;
			files = (
			);
			inputFileListPaths = (
			);
			inputPaths = (
				"${PODS_PODFILE_DIR_PATH}/Podfile.lock",
				"${PODS_ROOT}/Manifest.lock",
			);
			name = "[CP] Check Pods Manifest.lock";
			outputFileListPaths = (
			);
			outputPaths = (
				"$(DERIVED_FILE_DIR)/Pods-project-projectUITests-checkManifestLockResult.txt",
			);
			runOnlyForDeploymentPostprocessing = 0;
			shellPath = /bin/sh;
			shellScript = "diff \"${PODS_PODFILE_DIR_PATH}/Podfile.lock\" \"${PODS_ROOT}/Manifest.lock\" > /dev/null\nif [ $? != 0 ] ; then\n    # print error to STDERR\n    echo \"error: The sandbox is not in sync with the Podfile.lock. Run 'pod install' or update your CocoaPods installation.\" >&2\n    exit 1\nfi\n# This output is used by Xcode 'outputs' to avoid re-running this script phase.\necho \"SUCCESS\" > \"${SCRIPT_OUTPUT_FILE_0}\"\n";
			showEnvVarsInLog = 0;
		};
		CCA762CE8A7ABF07A1B5D157 /* [CP] Check Pods Manifest.lock */ = {
			isa = PBXShellScriptBuildPhase;
			buildActionMask = 2147483647;
			files = (
			);
			inputFileListPaths = (
			);
			inputPaths = (
				"${PODS_PODFILE_DIR_PATH}/Podfile.lock",
				"${PODS_ROOT}/Manifest.lock",
			);
			name = "[CP] Check Pods Manifest.lock";
			outputFileListPaths = (
			);
			outputPaths = (
				"$(DERIVED_FILE_DIR)/Pods-projectTests-checkManifestLockResult.txt",
			);
			runOnlyForDeploymentPostprocessing = 0;
			shellPath = /bin/sh;
			shellScript = "diff \"${PODS_PODFILE_DIR_PATH}/Podfile.lock\" \"${PODS_ROOT}/Manifest.lock\" > /dev/null\nif [ $? != 0 ] ; then\n    # print error to STDERR\n    echo \"error: The sandbox is not in sync with the Podfile.lock. Run 'pod install' or update your CocoaPods installation.\" >&2\n    exit 1\nfi\n# This output is used by Xcode 'outputs' to avoid re-running this script phase.\necho \"SUCCESS\" > \"${SCRIPT_OUTPUT_FILE_0}\"\n";
			showEnvVarsInLog = 0;
		};
		F202794E3BF326B8475A888F /* [CP] Embed Pods Frameworks */ = {
			isa = PBXShellScriptBuildPhase;
			buildActionMask = 2147483647;
			files = (
			);
			inputFileListPaths = (
				"${PODS_ROOT}/Target Support Files/Pods-project/Pods-project-frameworks-${CONFIGURATION}-input-files.xcfilelist",
			);
			name = "[CP] Embed Pods Frameworks";
			outputFileListPaths = (
				"${PODS_ROOT}/Target Support Files/Pods-project/Pods-project-frameworks-${CONFIGURATION}-output-files.xcfilelist",
			);
			runOnlyForDeploymentPostprocessing = 0;
			shellPath = /bin/sh;
			shellScript = "\"${PODS_ROOT}/Target Support Files/Pods-project/Pods-project-frameworks.sh\"\n";
			showEnvVarsInLog = 0;
		};
		FAC3505DCBE336146B70FA33 /* [CP] Embed Pods Frameworks */ = {
			isa = PBXShellScriptBuildPhase;
			buildActionMask = 2147483647;
			files = (
			);
			inputFileListPaths = (
				"${PODS_ROOT}/Target Support Files/Pods-project-projectUITests/Pods-project-projectUITests-frameworks-${CONFIGURATION}-input-files.xcfilelist",
			);
			name = "[CP] Embed Pods Frameworks";
			outputFileListPaths = (
				"${PODS_ROOT}/Target Support Files/Pods-project-projectUITests/Pods-project-projectUITests-frameworks-${CONFIGURATION}-output-files.xcfilelist",
			);
			runOnlyForDeploymentPostprocessing = 0;
			shellPath = /bin/sh;
			shellScript = "\"${PODS_ROOT}/Target Support Files/Pods-project-projectUITests/Pods-project-projectUITests-frameworks.sh\"\n";
			showEnvVarsInLog = 0;
		};
/* End PBXShellScriptBuildPhase section */

/* Begin PBXSourcesBuildPhase section */
		AD1F9D9B2BA16DF4005DD9D6 /* Sources */ = {
			isa = PBXSourcesBuildPhase;
			buildActionMask = 2147483647;
			files = (
				AD9ED12E2BA9B1B3005F89D1 /* NetworkManager.swift in Sources */,
				AD03A46A2BBE39FF00F2DB47 /* UserService.swift in Sources */,
				AD5E48992BB7F4170035329E /* PathModel.swift in Sources */,
				ADAA62CD2BC3C34B00CD0338 /* SheetViewModel.swift in Sources */,
				AD9ED1102BA91E38005F89D1 /* ServiceError.swift in Sources */,
				ADE769542BB172F0004C9B43 /* ServerAuthResponse.swift in Sources */,
				AD03A46C2BBE937200F2DB47 /* MainViewModel.swift in Sources */,
				AD1F9DA52BA16DF4005DD9D6 /* AuthenticationView.swift in Sources */,
				AD9ED1322BA9BF7B005F89D1 /* UserObject.swift in Sources */,
				AD6572232BB96CA700557ED6 /* SettingView.swift in Sources */,
				AD5E48A32BB7FF7C0035329E /* AppDelegate.swift in Sources */,
				ADC04B532BA8631E00AD8A14 /* Services.swift in Sources */,
				AD5E489C2BB7F45D0035329E /* PathType.swift in Sources */,
				AD0F52552BB41CAD00A9723A /* MapView.swift in Sources */,
				ADF392072BB9A2F500E4FD78 /* SheetView.swift in Sources */,
				ADC04B572BA8642800AD8A14 /* AuthenticationViewModel.swift in Sources */,
				ADC04B4F2BA862C700AD8A14 /* DIContainer.swift in Sources */,
				AD1F9DA32BA16DF4005DD9D6 /* projectApp.swift in Sources */,
				ADDDF3A62BB2C81800923127 /* LoadingView.swift in Sources */,
				AD6572262BB974C200557ED6 /* MainView.swift in Sources */,
				ADC04B552BA8638F00AD8A14 /* AuthenticationService.swift in Sources */,
				AD9DC8042BAAF644006D422F /* LoginView.swift in Sources */,
				AD5C648A2BB5962D006A7415 /* KeychainManager.swift in Sources */,
				ADC832A52BB0301D00BBCF4F /* AppleAuthToken.swift in Sources */,
				ADFB9C582BAAA86200DA0C01 /* SHA256.swift in Sources */,
				ADC04B5B2BA8697500AD8A14 /* User.swift in Sources */,
				AD6572282BB976E200557ED6 /* CustomIcon.swift in Sources */,
			);
			runOnlyForDeploymentPostprocessing = 0;
		};
		AD1F9DAB2BA16DF5005DD9D6 /* Sources */ = {
			isa = PBXSourcesBuildPhase;
			buildActionMask = 2147483647;
			files = (
				AD1F9DB42BA16DF5005DD9D6 /* projectTests.swift in Sources */,
			);
			runOnlyForDeploymentPostprocessing = 0;
		};
		AD1F9DB52BA16DF5005DD9D6 /* Sources */ = {
			isa = PBXSourcesBuildPhase;
			buildActionMask = 2147483647;
			files = (
				AD1F9DC02BA16DF5005DD9D6 /* projectUITestsLaunchTests.swift in Sources */,
				AD1F9DBE2BA16DF5005DD9D6 /* projectUITests.swift in Sources */,
			);
			runOnlyForDeploymentPostprocessing = 0;
		};
/* End PBXSourcesBuildPhase section */

/* Begin PBXTargetDependency section */
		AD1F9DB12BA16DF5005DD9D6 /* PBXTargetDependency */ = {
			isa = PBXTargetDependency;
			target = AD1F9D9E2BA16DF4005DD9D6 /* project */;
			targetProxy = AD1F9DB02BA16DF5005DD9D6 /* PBXContainerItemProxy */;
		};
		AD1F9DBB2BA16DF5005DD9D6 /* PBXTargetDependency */ = {
			isa = PBXTargetDependency;
			target = AD1F9D9E2BA16DF4005DD9D6 /* project */;
			targetProxy = AD1F9DBA2BA16DF5005DD9D6 /* PBXContainerItemProxy */;
		};
/* End PBXTargetDependency section */

/* Begin XCBuildConfiguration section */
		AD1F9DC12BA16DF5005DD9D6 /* Debug */ = {
			isa = XCBuildConfiguration;
			baseConfigurationReference = AD5E48A42BB807CB0035329E /* Config.xcconfig */;
			buildSettings = {
				ALWAYS_SEARCH_USER_PATHS = NO;
				ASSETCATALOG_COMPILER_GENERATE_SWIFT_ASSET_SYMBOL_EXTENSIONS = YES;
				CLANG_ANALYZER_NONNULL = YES;
				CLANG_ANALYZER_NUMBER_OBJECT_CONVERSION = YES_AGGRESSIVE;
				CLANG_CXX_LANGUAGE_STANDARD = "gnu++20";
				CLANG_ENABLE_MODULES = YES;
				CLANG_ENABLE_OBJC_ARC = YES;
				CLANG_ENABLE_OBJC_WEAK = YES;
				CLANG_WARN_BLOCK_CAPTURE_AUTORELEASING = YES;
				CLANG_WARN_BOOL_CONVERSION = YES;
				CLANG_WARN_COMMA = YES;
				CLANG_WARN_CONSTANT_CONVERSION = YES;
				CLANG_WARN_DEPRECATED_OBJC_IMPLEMENTATIONS = YES;
				CLANG_WARN_DIRECT_OBJC_ISA_USAGE = YES_ERROR;
				CLANG_WARN_DOCUMENTATION_COMMENTS = YES;
				CLANG_WARN_EMPTY_BODY = YES;
				CLANG_WARN_ENUM_CONVERSION = YES;
				CLANG_WARN_INFINITE_RECURSION = YES;
				CLANG_WARN_INT_CONVERSION = YES;
				CLANG_WARN_NON_LITERAL_NULL_CONVERSION = YES;
				CLANG_WARN_OBJC_IMPLICIT_RETAIN_SELF = YES;
				CLANG_WARN_OBJC_LITERAL_CONVERSION = YES;
				CLANG_WARN_OBJC_ROOT_CLASS = YES_ERROR;
				CLANG_WARN_QUOTED_INCLUDE_IN_FRAMEWORK_HEADER = YES;
				CLANG_WARN_RANGE_LOOP_ANALYSIS = YES;
				CLANG_WARN_STRICT_PROTOTYPES = YES;
				CLANG_WARN_SUSPICIOUS_MOVE = YES;
				CLANG_WARN_UNGUARDED_AVAILABILITY = YES_AGGRESSIVE;
				CLANG_WARN_UNREACHABLE_CODE = YES;
				CLANG_WARN__DUPLICATE_METHOD_MATCH = YES;
				COPY_PHASE_STRIP = NO;
				DEBUG_INFORMATION_FORMAT = dwarf;
				ENABLE_STRICT_OBJC_MSGSEND = YES;
				ENABLE_TESTABILITY = YES;
				ENABLE_USER_SCRIPT_SANDBOXING = NO;
				GCC_C_LANGUAGE_STANDARD = gnu17;
				GCC_DYNAMIC_NO_PIC = NO;
				GCC_NO_COMMON_BLOCKS = YES;
				GCC_OPTIMIZATION_LEVEL = 0;
				GCC_PREPROCESSOR_DEFINITIONS = (
					"DEBUG=1",
					"$(inherited)",
				);
				GCC_WARN_64_TO_32_BIT_CONVERSION = YES;
				GCC_WARN_ABOUT_RETURN_TYPE = YES_ERROR;
				GCC_WARN_UNDECLARED_SELECTOR = YES;
				GCC_WARN_UNINITIALIZED_AUTOS = YES_AGGRESSIVE;
				GCC_WARN_UNUSED_FUNCTION = YES;
				GCC_WARN_UNUSED_VARIABLE = YES;
				IPHONEOS_DEPLOYMENT_TARGET = 16.0;
				LOCALIZATION_PREFERS_STRING_CATALOGS = YES;
				MTL_ENABLE_DEBUG_INFO = INCLUDE_SOURCE;
				MTL_FAST_MATH = YES;
				ONLY_ACTIVE_ARCH = YES;
				SDKROOT = iphoneos;
				SWIFT_ACTIVE_COMPILATION_CONDITIONS = "DEBUG $(inherited)";
				SWIFT_OPTIMIZATION_LEVEL = "-Onone";
			};
			name = Debug;
		};
		AD1F9DC22BA16DF5005DD9D6 /* Release */ = {
			isa = XCBuildConfiguration;
			buildSettings = {
				ALWAYS_SEARCH_USER_PATHS = NO;
				ASSETCATALOG_COMPILER_GENERATE_SWIFT_ASSET_SYMBOL_EXTENSIONS = YES;
				CLANG_ANALYZER_NONNULL = YES;
				CLANG_ANALYZER_NUMBER_OBJECT_CONVERSION = YES_AGGRESSIVE;
				CLANG_CXX_LANGUAGE_STANDARD = "gnu++20";
				CLANG_ENABLE_MODULES = YES;
				CLANG_ENABLE_OBJC_ARC = YES;
				CLANG_ENABLE_OBJC_WEAK = YES;
				CLANG_WARN_BLOCK_CAPTURE_AUTORELEASING = YES;
				CLANG_WARN_BOOL_CONVERSION = YES;
				CLANG_WARN_COMMA = YES;
				CLANG_WARN_CONSTANT_CONVERSION = YES;
				CLANG_WARN_DEPRECATED_OBJC_IMPLEMENTATIONS = YES;
				CLANG_WARN_DIRECT_OBJC_ISA_USAGE = YES_ERROR;
				CLANG_WARN_DOCUMENTATION_COMMENTS = YES;
				CLANG_WARN_EMPTY_BODY = YES;
				CLANG_WARN_ENUM_CONVERSION = YES;
				CLANG_WARN_INFINITE_RECURSION = YES;
				CLANG_WARN_INT_CONVERSION = YES;
				CLANG_WARN_NON_LITERAL_NULL_CONVERSION = YES;
				CLANG_WARN_OBJC_IMPLICIT_RETAIN_SELF = YES;
				CLANG_WARN_OBJC_LITERAL_CONVERSION = YES;
				CLANG_WARN_OBJC_ROOT_CLASS = YES_ERROR;
				CLANG_WARN_QUOTED_INCLUDE_IN_FRAMEWORK_HEADER = YES;
				CLANG_WARN_RANGE_LOOP_ANALYSIS = YES;
				CLANG_WARN_STRICT_PROTOTYPES = YES;
				CLANG_WARN_SUSPICIOUS_MOVE = YES;
				CLANG_WARN_UNGUARDED_AVAILABILITY = YES_AGGRESSIVE;
				CLANG_WARN_UNREACHABLE_CODE = YES;
				CLANG_WARN__DUPLICATE_METHOD_MATCH = YES;
				COPY_PHASE_STRIP = NO;
				DEBUG_INFORMATION_FORMAT = "dwarf-with-dsym";
				ENABLE_NS_ASSERTIONS = NO;
				ENABLE_STRICT_OBJC_MSGSEND = YES;
				ENABLE_USER_SCRIPT_SANDBOXING = NO;
				GCC_C_LANGUAGE_STANDARD = gnu17;
				GCC_NO_COMMON_BLOCKS = YES;
				GCC_WARN_64_TO_32_BIT_CONVERSION = YES;
				GCC_WARN_ABOUT_RETURN_TYPE = YES_ERROR;
				GCC_WARN_UNDECLARED_SELECTOR = YES;
				GCC_WARN_UNINITIALIZED_AUTOS = YES_AGGRESSIVE;
				GCC_WARN_UNUSED_FUNCTION = YES;
				GCC_WARN_UNUSED_VARIABLE = YES;
				IPHONEOS_DEPLOYMENT_TARGET = 16.0;
				LOCALIZATION_PREFERS_STRING_CATALOGS = YES;
				MTL_ENABLE_DEBUG_INFO = NO;
				MTL_FAST_MATH = YES;
				SDKROOT = iphoneos;
				SWIFT_COMPILATION_MODE = wholemodule;
				VALIDATE_PRODUCT = YES;
			};
			name = Release;
		};
		AD1F9DC42BA16DF5005DD9D6 /* Debug */ = {
			isa = XCBuildConfiguration;
			baseConfigurationReference = 60C210DE43DC26A3C1A170CB /* Pods-project.debug.xcconfig */;
			buildSettings = {
				ASSETCATALOG_COMPILER_APPICON_NAME = AppIcon;
				ASSETCATALOG_COMPILER_GLOBAL_ACCENT_COLOR_NAME = AccentColor;
				CODE_SIGN_ENTITLEMENTS = project/project.entitlements;
				CODE_SIGN_STYLE = Automatic;
				CURRENT_PROJECT_VERSION = 1;
				DEVELOPMENT_ASSET_PATHS = "\"project/Preview Content\"";
				DEVELOPMENT_TEAM = 63K349422G;
				ENABLE_PREVIEWS = YES;
				GENERATE_INFOPLIST_FILE = YES;
				INFOPLIST_FILE = project/Info.plist;
				INFOPLIST_KEY_NSLocationAlwaysAndWhenInUseUsageDescription = "앱의 기능을 위해 사용자의 현위치 정보를 수집합니다.";
				INFOPLIST_KEY_NSLocationAlwaysUsageDescription = "앱의 기능을 위해 사용자의 현위치 정보를 수집합니다.";
				INFOPLIST_KEY_UIApplicationSceneManifest_Generation = YES;
				INFOPLIST_KEY_UIApplicationSupportsIndirectInputEvents = YES;
				INFOPLIST_KEY_UILaunchStoryboardName = LaunchScreen.storyboard;
				INFOPLIST_KEY_UISupportedInterfaceOrientations_iPad = "UIInterfaceOrientationPortrait UIInterfaceOrientationPortraitUpsideDown UIInterfaceOrientationLandscapeLeft UIInterfaceOrientationLandscapeRight";
				INFOPLIST_KEY_UISupportedInterfaceOrientations_iPhone = "UIInterfaceOrientationPortrait UIInterfaceOrientationLandscapeLeft UIInterfaceOrientationLandscapeRight";
				IPHONEOS_DEPLOYMENT_TARGET = 16.0;
				LD_RUNPATH_SEARCH_PATHS = (
					"$(inherited)",
					"@executable_path/Frameworks",
				);
				MARKETING_VERSION = 1.0;
				PRODUCT_BUNDLE_IDENTIFIER = com.anyong.project;
				PRODUCT_NAME = "$(TARGET_NAME)";
				SWIFT_EMIT_LOC_STRINGS = YES;
				SWIFT_VERSION = 5.0;
				TARGETED_DEVICE_FAMILY = "1,2";
			};
			name = Debug;
		};
		AD1F9DC52BA16DF5005DD9D6 /* Release */ = {
			isa = XCBuildConfiguration;
			baseConfigurationReference = E1296C2E35D01F6629BD4098 /* Pods-project.release.xcconfig */;
			buildSettings = {
				ASSETCATALOG_COMPILER_APPICON_NAME = AppIcon;
				ASSETCATALOG_COMPILER_GLOBAL_ACCENT_COLOR_NAME = AccentColor;
				CODE_SIGN_ENTITLEMENTS = project/project.entitlements;
				CODE_SIGN_STYLE = Automatic;
				CURRENT_PROJECT_VERSION = 1;
				DEVELOPMENT_ASSET_PATHS = "\"project/Preview Content\"";
				DEVELOPMENT_TEAM = 63K349422G;
				ENABLE_PREVIEWS = YES;
				GENERATE_INFOPLIST_FILE = YES;
				INFOPLIST_FILE = project/Info.plist;
				INFOPLIST_KEY_NSLocationAlwaysAndWhenInUseUsageDescription = "앱의 기능을 위해 사용자의 현위치 정보를 수집합니다.";
				INFOPLIST_KEY_NSLocationAlwaysUsageDescription = "앱의 기능을 위해 사용자의 현위치 정보를 수집합니다.";
				INFOPLIST_KEY_UIApplicationSceneManifest_Generation = YES;
				INFOPLIST_KEY_UIApplicationSupportsIndirectInputEvents = YES;
				INFOPLIST_KEY_UILaunchStoryboardName = LaunchScreen.storyboard;
				INFOPLIST_KEY_UISupportedInterfaceOrientations_iPad = "UIInterfaceOrientationPortrait UIInterfaceOrientationPortraitUpsideDown UIInterfaceOrientationLandscapeLeft UIInterfaceOrientationLandscapeRight";
				INFOPLIST_KEY_UISupportedInterfaceOrientations_iPhone = "UIInterfaceOrientationPortrait UIInterfaceOrientationLandscapeLeft UIInterfaceOrientationLandscapeRight";
				IPHONEOS_DEPLOYMENT_TARGET = 16.0;
				LD_RUNPATH_SEARCH_PATHS = (
					"$(inherited)",
					"@executable_path/Frameworks",
				);
				MARKETING_VERSION = 1.0;
				PRODUCT_BUNDLE_IDENTIFIER = com.anyong.project;
				PRODUCT_NAME = "$(TARGET_NAME)";
				SWIFT_EMIT_LOC_STRINGS = YES;
				SWIFT_VERSION = 5.0;
				TARGETED_DEVICE_FAMILY = "1,2";
			};
			name = Release;
		};
		AD1F9DC72BA16DF5005DD9D6 /* Debug */ = {
			isa = XCBuildConfiguration;
			baseConfigurationReference = 3DFDC0097F0F17E577EA5336 /* Pods-projectTests.debug.xcconfig */;
			buildSettings = {
				ALWAYS_EMBED_SWIFT_STANDARD_LIBRARIES = YES;
				BUNDLE_LOADER = "$(TEST_HOST)";
				CODE_SIGN_STYLE = Automatic;
				CURRENT_PROJECT_VERSION = 1;
				DEVELOPMENT_TEAM = 63K349422G;
				GENERATE_INFOPLIST_FILE = YES;
				IPHONEOS_DEPLOYMENT_TARGET = 17.0;
				MARKETING_VERSION = 1.0;
				PRODUCT_BUNDLE_IDENTIFIER = anyong.projectTests;
				PRODUCT_NAME = "$(TARGET_NAME)";
				SWIFT_EMIT_LOC_STRINGS = NO;
				SWIFT_VERSION = 5.0;
				TARGETED_DEVICE_FAMILY = "1,2";
				TEST_HOST = "$(BUILT_PRODUCTS_DIR)/project.app/$(BUNDLE_EXECUTABLE_FOLDER_PATH)/project";
			};
			name = Debug;
		};
		AD1F9DC82BA16DF5005DD9D6 /* Release */ = {
			isa = XCBuildConfiguration;
			baseConfigurationReference = 2E56EE11A7EA332D1EAFB4C4 /* Pods-projectTests.release.xcconfig */;
			buildSettings = {
				ALWAYS_EMBED_SWIFT_STANDARD_LIBRARIES = YES;
				BUNDLE_LOADER = "$(TEST_HOST)";
				CODE_SIGN_STYLE = Automatic;
				CURRENT_PROJECT_VERSION = 1;
				DEVELOPMENT_TEAM = 63K349422G;
				GENERATE_INFOPLIST_FILE = YES;
				IPHONEOS_DEPLOYMENT_TARGET = 17.0;
				MARKETING_VERSION = 1.0;
				PRODUCT_BUNDLE_IDENTIFIER = anyong.projectTests;
				PRODUCT_NAME = "$(TARGET_NAME)";
				SWIFT_EMIT_LOC_STRINGS = NO;
				SWIFT_VERSION = 5.0;
				TARGETED_DEVICE_FAMILY = "1,2";
				TEST_HOST = "$(BUILT_PRODUCTS_DIR)/project.app/$(BUNDLE_EXECUTABLE_FOLDER_PATH)/project";
			};
			name = Release;
		};
		AD1F9DCA2BA16DF5005DD9D6 /* Debug */ = {
			isa = XCBuildConfiguration;
			baseConfigurationReference = 64902609864D69EE7EE65D53 /* Pods-project-projectUITests.debug.xcconfig */;
			buildSettings = {
				ALWAYS_EMBED_SWIFT_STANDARD_LIBRARIES = YES;
				CODE_SIGN_STYLE = Automatic;
				CURRENT_PROJECT_VERSION = 1;
				DEVELOPMENT_TEAM = 63K349422G;
				GENERATE_INFOPLIST_FILE = YES;
				MARKETING_VERSION = 1.0;
				PRODUCT_BUNDLE_IDENTIFIER = anyong.projectUITests;
				PRODUCT_NAME = "$(TARGET_NAME)";
				SWIFT_EMIT_LOC_STRINGS = NO;
				SWIFT_VERSION = 5.0;
				TARGETED_DEVICE_FAMILY = "1,2";
				TEST_TARGET_NAME = project;
			};
			name = Debug;
		};
		AD1F9DCB2BA16DF5005DD9D6 /* Release */ = {
			isa = XCBuildConfiguration;
			baseConfigurationReference = 294D1F54DC08D6F1E6131486 /* Pods-project-projectUITests.release.xcconfig */;
			buildSettings = {
				ALWAYS_EMBED_SWIFT_STANDARD_LIBRARIES = YES;
				CODE_SIGN_STYLE = Automatic;
				CURRENT_PROJECT_VERSION = 1;
				DEVELOPMENT_TEAM = 63K349422G;
				GENERATE_INFOPLIST_FILE = YES;
				MARKETING_VERSION = 1.0;
				PRODUCT_BUNDLE_IDENTIFIER = anyong.projectUITests;
				PRODUCT_NAME = "$(TARGET_NAME)";
				SWIFT_EMIT_LOC_STRINGS = NO;
				SWIFT_VERSION = 5.0;
				TARGETED_DEVICE_FAMILY = "1,2";
				TEST_TARGET_NAME = project;
			};
			name = Release;
		};
/* End XCBuildConfiguration section */

/* Begin XCConfigurationList section */
		AD1F9D9A2BA16DF4005DD9D6 /* Build configuration list for PBXProject "project" */ = {
			isa = XCConfigurationList;
			buildConfigurations = (
				AD1F9DC12BA16DF5005DD9D6 /* Debug */,
				AD1F9DC22BA16DF5005DD9D6 /* Release */,
			);
			defaultConfigurationIsVisible = 0;
			defaultConfigurationName = Release;
		};
		AD1F9DC32BA16DF5005DD9D6 /* Build configuration list for PBXNativeTarget "project" */ = {
			isa = XCConfigurationList;
			buildConfigurations = (
				AD1F9DC42BA16DF5005DD9D6 /* Debug */,
				AD1F9DC52BA16DF5005DD9D6 /* Release */,
			);
			defaultConfigurationIsVisible = 0;
			defaultConfigurationName = Release;
		};
		AD1F9DC62BA16DF5005DD9D6 /* Build configuration list for PBXNativeTarget "projectTests" */ = {
			isa = XCConfigurationList;
			buildConfigurations = (
				AD1F9DC72BA16DF5005DD9D6 /* Debug */,
				AD1F9DC82BA16DF5005DD9D6 /* Release */,
			);
			defaultConfigurationIsVisible = 0;
			defaultConfigurationName = Release;
		};
		AD1F9DC92BA16DF5005DD9D6 /* Build configuration list for PBXNativeTarget "projectUITests" */ = {
			isa = XCConfigurationList;
			buildConfigurations = (
				AD1F9DCA2BA16DF5005DD9D6 /* Debug */,
				AD1F9DCB2BA16DF5005DD9D6 /* Release */,
			);
			defaultConfigurationIsVisible = 0;
			defaultConfigurationName = Release;
		};
/* End XCConfigurationList section */

/* Begin XCRemoteSwiftPackageReference section */
		ADAA62D02BC41AC100CD0338 /* XCRemoteSwiftPackageReference "firebase-ios-sdk" */ = {
			isa = XCRemoteSwiftPackageReference;
			repositoryURL = "https://github.com/firebase/firebase-ios-sdk";
			requirement = {
				kind = upToNextMajorVersion;
				minimumVersion = 10.23.1;
			};
		};
/* End XCRemoteSwiftPackageReference section */

/* Begin XCSwiftPackageProductDependency section */
		ADAA62D12BC41AC100CD0338 /* FirebaseAnalytics */ = {
			isa = XCSwiftPackageProductDependency;
			package = ADAA62D02BC41AC100CD0338 /* XCRemoteSwiftPackageReference "firebase-ios-sdk" */;
			productName = FirebaseAnalytics;
		};
		ADAA62D32BC41D4900CD0338 /* FirebaseMessaging */ = {
			isa = XCSwiftPackageProductDependency;
			package = ADAA62D02BC41AC100CD0338 /* XCRemoteSwiftPackageReference "firebase-ios-sdk" */;
			productName = FirebaseMessaging;
		};
/* End XCSwiftPackageProductDependency section */
	};
	rootObject = AD1F9D972BA16DF4005DD9D6 /* Project object */;
}
